# This file is automatically @generated by Cargo.
# It is not intended for manual editing.
version = 3

[[package]]
name = "Inflector"
version = "0.11.4"
source = "registry+https://github.com/rust-lang/crates.io-index"
checksum = "fe438c63458706e03479442743baae6c88256498e6431708f6dfc520a26515d3"
dependencies = [
 "lazy_static",
 "regex",
]

[[package]]
name = "aho-corasick"
version = "0.7.18"
source = "registry+https://github.com/rust-lang/crates.io-index"
checksum = "1e37cfd5e7657ada45f742d6e99ca5788580b5c529dc78faf11ece6dc702656f"
dependencies = [
 "memchr",
]

[[package]]
name = "aho-corasick"
version = "1.1.2"
source = "registry+https://github.com/rust-lang/crates.io-index"
checksum = "b2969dcb958b36655471fc61f7e416fa76033bdd4bfed0678d8fee1e2d07a1f0"
dependencies = [
 "memchr",
]

[[package]]
name = "allocator-api2"
version = "0.2.16"
source = "registry+https://github.com/rust-lang/crates.io-index"
checksum = "0942ffc6dcaadf03badf6e6a2d0228460359d5e34b57ccdc720b7382dfbd5ec5"

[[package]]
name = "ansi_term"
version = "0.12.1"
source = "registry+https://github.com/rust-lang/crates.io-index"
checksum = "d52a9bb7ec0cf484c551830a7ce27bd20d67eac647e1befb56b0be4ee39a55d2"
dependencies = [
 "winapi",
]

[[package]]
name = "anyhow"
version = "1.0.82"
source = "registry+https://github.com/rust-lang/crates.io-index"
checksum = "f538837af36e6f6a9be0faa67f9a314f8119e4e4b5867c6ab40ed60360142519"

[[package]]
name = "arrayvec"
version = "0.7.2"
source = "registry+https://github.com/rust-lang/crates.io-index"
checksum = "8da52d66c7071e2e3fa2a1e5c6d088fec47b593032b254f5e980de8ea54454d6"

[[package]]
name = "ast_node"
version = "0.9.6"
source = "registry+https://github.com/rust-lang/crates.io-index"
checksum = "c3e3e06ec6ac7d893a0db7127d91063ad7d9da8988f8a1a256f03729e6eec026"
dependencies = [
 "proc-macro2",
 "quote",
 "swc_macros_common",
 "syn 2.0.48",
]

[[package]]
name = "atty"
version = "0.2.14"
source = "registry+https://github.com/rust-lang/crates.io-index"
checksum = "d9b39be18770d11421cdb1b9947a45dd3f37e93092cbf377614828a319d5fee8"
dependencies = [
 "hermit-abi 0.1.19",
 "libc",
 "winapi",
]

[[package]]
name = "autocfg"
version = "1.1.0"
source = "registry+https://github.com/rust-lang/crates.io-index"
checksum = "d468802bab17cbc0cc575e9b053f41e72aa36bfa6b7f55e3529ffa43161b97fa"

[[package]]
name = "better_scoped_tls"
version = "0.1.1"
source = "registry+https://github.com/rust-lang/crates.io-index"
checksum = "794edcc9b3fb07bb4aecaa11f093fd45663b4feadb782d68303a2268bc2701de"
dependencies = [
 "scoped-tls",
]

[[package]]
name = "bitflags"
version = "1.3.2"
source = "registry+https://github.com/rust-lang/crates.io-index"
checksum = "bef38d45163c2f1dde094a7dfd33ccf595c92905c8f8f4fdc18d06fb1037718a"

[[package]]
name = "bitflags"
version = "2.5.0"
source = "registry+https://github.com/rust-lang/crates.io-index"
checksum = "cf4b9d6a944f767f8e5e0db018570623c85f3d925ac718db4e06d0187adb21c1"

[[package]]
name = "bstr"
version = "0.2.17"
source = "registry+https://github.com/rust-lang/crates.io-index"
checksum = "ba3569f383e8f1598449f1a423e72e99569137b47740b1da11ef19af3d5c3223"
dependencies = [
 "memchr",
]

[[package]]
name = "bumpalo"
version = "3.14.0"
source = "registry+https://github.com/rust-lang/crates.io-index"
checksum = "7f30e7476521f6f8af1a1c4c0b8cc94f0bee37d91763d0ca2665f299b6cd8aec"
dependencies = [
 "allocator-api2",
]

[[package]]
name = "cc"
version = "1.0.79"
source = "registry+https://github.com/rust-lang/crates.io-index"
checksum = "50d30906286121d95be3d479533b458f87493b30a4b5f79a607db8f5d11aa91f"

[[package]]
name = "cfg-if"
version = "0.1.10"
source = "registry+https://github.com/rust-lang/crates.io-index"
checksum = "4785bdd1c96b2a846b2bd7cc02e86b6b3dbf14e7e53446c4f54c92a361040822"

[[package]]
name = "cfg-if"
version = "1.0.0"
source = "registry+https://github.com/rust-lang/crates.io-index"
checksum = "baf1de4339761588bc0619e3cbc0120ee582ebb74b53b4efbf79117bd2da40fd"

[[package]]
name = "clap"
version = "3.2.25"
source = "registry+https://github.com/rust-lang/crates.io-index"
checksum = "4ea181bf566f71cb9a5d17a59e1871af638180a18fb0035c92ae62b705207123"
dependencies = [
 "atty",
 "bitflags 1.3.2",
 "clap_lex",
 "indexmap 1.9.3",
 "once_cell",
 "strsim",
 "termcolor",
 "textwrap 0.16.0",
]

[[package]]
name = "clap_lex"
version = "0.2.4"
source = "registry+https://github.com/rust-lang/crates.io-index"
checksum = "2850f2f5a82cbf437dd5af4d49848fbdfc27c157c3d010345776f952765261c5"
dependencies = [
 "os_str_bytes",
]

[[package]]
name = "console_static_text"
version = "0.8.2"
source = "registry+https://github.com/rust-lang/crates.io-index"
checksum = "47a00bd3837aa7e8dc15766ded788486eba8aee03dab4e56f7c7051012a81c23"
dependencies = [
 "unicode-width",
 "vte",
]

[[package]]
name = "convert_case"
version = "0.4.0"
source = "registry+https://github.com/rust-lang/crates.io-index"
checksum = "6245d59a3e82a7fc217c5828a6692dbc6dfb63a0c8c90495621f7b9d79704a0e"

[[package]]
name = "crossbeam-deque"
version = "0.8.1"
source = "registry+https://github.com/rust-lang/crates.io-index"
checksum = "6455c0ca19f0d2fbf751b908d5c55c1f5cbc65e03c4225427254b46890bdde1e"
dependencies = [
 "cfg-if 1.0.0",
 "crossbeam-epoch",
 "crossbeam-utils",
]

[[package]]
name = "crossbeam-epoch"
version = "0.9.7"
source = "registry+https://github.com/rust-lang/crates.io-index"
checksum = "c00d6d2ea26e8b151d99093005cb442fb9a37aeaca582a03ec70946f49ab5ed9"
dependencies = [
 "cfg-if 1.0.0",
 "crossbeam-utils",
 "lazy_static",
 "memoffset",
 "scopeguard",
]

[[package]]
name = "crossbeam-utils"
version = "0.8.7"
source = "registry+https://github.com/rust-lang/crates.io-index"
checksum = "b5e5bed1f1c269533fa816a0a5492b3545209a205ca1a54842be180eb63a16a6"
dependencies = [
 "cfg-if 1.0.0",
 "lazy_static",
]

[[package]]
name = "data-url"
version = "0.3.0"
source = "registry+https://github.com/rust-lang/crates.io-index"
checksum = "41b319d1b62ffbd002e057f36bebd1f42b9f97927c9577461d855f3513c4289f"

[[package]]
name = "deno_ast"
version = "0.38.0"
source = "registry+https://github.com/rust-lang/crates.io-index"
checksum = "fffefe28ebd657419ab0f7fbf4ab9cd4ae38d55c2a0e4fe1661c76d7fa2b81ba"
dependencies = [
 "deno_media_type",
 "deno_terminal",
 "dprint-swc-ext",
 "once_cell",
 "percent-encoding",
 "serde",
 "swc_atoms",
 "swc_common",
 "swc_ecma_ast",
 "swc_ecma_loader",
 "swc_ecma_parser",
 "swc_ecma_transforms_base",
 "swc_ecma_utils",
 "swc_ecma_visit",
 "swc_eq_ignore_macros",
 "swc_macros_common",
 "swc_visit",
 "swc_visit_macros",
 "text_lines",
 "thiserror",
 "unicode-width",
 "url",
]

[[package]]
name = "deno_lint"
version = "0.58.4"
dependencies = [
 "ansi_term",
 "anyhow",
 "atty",
 "clap",
 "console_static_text",
 "deno_ast",
 "derive_more",
 "env_logger",
 "globwalk",
 "if_chain",
 "log",
 "miette",
 "once_cell",
 "os_pipe",
 "pulldown-cmark",
 "rayon",
 "regex",
 "serde",
 "serde_json",
 "wasm-bindgen",
 "wee_alloc",
]

[[package]]
name = "deno_media_type"
version = "0.1.4"
source = "registry+https://github.com/rust-lang/crates.io-index"
checksum = "a8978229b82552bf8457a0125aa20863f023619cfc21ebb007b1e571d68fd85b"
dependencies = [
 "data-url",
 "serde",
 "url",
]

[[package]]
name = "deno_terminal"
version = "0.1.1"
source = "registry+https://github.com/rust-lang/crates.io-index"
checksum = "7e6337d4e7f375f8b986409a76fbeecfa4bd8a1343e63355729ae4befa058eaf"
dependencies = [
 "once_cell",
 "termcolor",
]

[[package]]
name = "derive_more"
version = "0.99.17"
source = "registry+https://github.com/rust-lang/crates.io-index"
checksum = "4fb810d30a7c1953f91334de7244731fc3f3c10d7fe163338a35b9f640960321"
dependencies = [
 "convert_case",
 "proc-macro2",
 "quote",
 "rustc_version",
 "syn 1.0.94",
]

[[package]]
name = "dprint-swc-ext"
version = "0.16.0"
source = "registry+https://github.com/rust-lang/crates.io-index"
checksum = "019d17f2c2457c5a70a7cf4505b1a562ca8ab168c0ac0c005744efbd29fcb8fe"
dependencies = [
 "allocator-api2",
 "bumpalo",
 "num-bigint",
 "rustc-hash",
 "swc_atoms",
 "swc_common",
 "swc_ecma_ast",
 "swc_ecma_parser",
 "text_lines",
]

[[package]]
name = "either"
version = "1.11.0"
source = "registry+https://github.com/rust-lang/crates.io-index"
checksum = "a47c1c47d2f5964e29c61246e81db715514cd532db6b5116a25ea3c03d6780a2"

[[package]]
name = "env_logger"
version = "0.10.1"
source = "registry+https://github.com/rust-lang/crates.io-index"
checksum = "95b3f3e67048839cb0d0781f445682a35113da7121f7c949db0e2be96a4fbece"
dependencies = [
 "humantime",
 "is-terminal",
 "log",
 "regex",
 "termcolor",
]

[[package]]
name = "equivalent"
version = "1.0.1"
source = "registry+https://github.com/rust-lang/crates.io-index"
checksum = "5443807d6dff69373d433ab9ef5378ad8df50ca6298caf15de6e52e24aaf54d5"

[[package]]
name = "errno"
version = "0.3.8"
source = "registry+https://github.com/rust-lang/crates.io-index"
checksum = "a258e46cdc063eb8519c00b9fc845fc47bcfca4130e2f08e88665ceda8474245"
dependencies = [
 "libc",
 "windows-sys 0.52.0",
]

[[package]]
name = "fnv"
version = "1.0.7"
source = "registry+https://github.com/rust-lang/crates.io-index"
checksum = "3f9eec918d3f24069decb9af1554cad7c880e2da24a9afd88aca000531ab82c1"

[[package]]
name = "form_urlencoded"
version = "1.2.0"
source = "registry+https://github.com/rust-lang/crates.io-index"
checksum = "a62bc1cf6f830c2ec14a513a9fb124d0a213a629668a4186f329db21fe045652"
dependencies = [
 "percent-encoding",
]

[[package]]
name = "from_variant"
version = "0.1.7"
source = "registry+https://github.com/rust-lang/crates.io-index"
checksum = "3a0b11eeb173ce52f84ebd943d42e58813a2ebb78a6a3ff0a243b71c5199cd7b"
dependencies = [
 "proc-macro2",
 "swc_macros_common",
 "syn 2.0.48",
]

[[package]]
name = "getopts"
version = "0.2.21"
source = "registry+https://github.com/rust-lang/crates.io-index"
checksum = "14dbbfd5c71d70241ecf9e6f13737f7b5ce823821063188d7e46c41d371eebd5"
dependencies = [
 "unicode-width",
]

[[package]]
name = "globset"
version = "0.4.8"
source = "registry+https://github.com/rust-lang/crates.io-index"
checksum = "10463d9ff00a2a068db14231982f5132edebad0d7660cd956a1c30292dbcbfbd"
dependencies = [
 "aho-corasick 0.7.18",
 "bstr",
 "fnv",
 "log",
 "regex",
]

[[package]]
name = "globwalk"
version = "0.9.1"
source = "registry+https://github.com/rust-lang/crates.io-index"
checksum = "0bf760ebf69878d9fd8f110c89703d90ce35095324d1f1edcb595c63945ee757"
dependencies = [
 "bitflags 2.5.0",
 "ignore",
 "walkdir",
]

[[package]]
name = "hashbrown"
version = "0.12.3"
source = "registry+https://github.com/rust-lang/crates.io-index"
checksum = "8a9ee70c43aaf417c914396645a0fa852624801b24ebb7ae78fe8272889ac888"

[[package]]
name = "hashbrown"
version = "0.14.3"
source = "registry+https://github.com/rust-lang/crates.io-index"
checksum = "290f1a1d9242c78d09ce40a5e87e7554ee637af1351968159f4952f028f75604"

[[package]]
name = "hermit-abi"
version = "0.1.19"
source = "registry+https://github.com/rust-lang/crates.io-index"
checksum = "62b467343b94ba476dcb2500d242dadbb39557df889310ac77c5d99100aaac33"
dependencies = [
 "libc",
]

[[package]]
name = "hermit-abi"
version = "0.3.3"
source = "registry+https://github.com/rust-lang/crates.io-index"
checksum = "d77f7ec81a6d05a3abb01ab6eb7590f6083d08449fe5a1c8b1e620283546ccb7"

[[package]]
name = "hstr"
version = "0.2.10"
source = "registry+https://github.com/rust-lang/crates.io-index"
checksum = "96274be293b8877e61974a607105d09c84caebe9620b47774aa8a6b942042dd4"
dependencies = [
 "hashbrown 0.14.3",
 "new_debug_unreachable",
 "once_cell",
 "phf",
 "rustc-hash",
 "triomphe",
]

[[package]]
name = "humantime"
version = "2.1.0"
source = "registry+https://github.com/rust-lang/crates.io-index"
checksum = "9a3a5bfb195931eeb336b2a7b4d761daec841b97f947d34394601737a7bba5e4"

[[package]]
name = "idna"
version = "0.4.0"
source = "registry+https://github.com/rust-lang/crates.io-index"
checksum = "7d20d6b07bfbc108882d88ed8e37d39636dcc260e15e30c45e6ba089610b917c"
dependencies = [
 "unicode-bidi",
 "unicode-normalization",
]

[[package]]
name = "if_chain"
version = "1.0.2"
source = "registry+https://github.com/rust-lang/crates.io-index"
checksum = "cb56e1aa765b4b4f3aadfab769793b7087bb03a4ea4920644a6d238e2df5b9ed"

[[package]]
name = "ignore"
version = "0.4.18"
source = "registry+https://github.com/rust-lang/crates.io-index"
checksum = "713f1b139373f96a2e0ce3ac931cd01ee973c3c5dd7c40c0c2efe96ad2b6751d"
dependencies = [
 "crossbeam-utils",
 "globset",
 "lazy_static",
 "log",
 "memchr",
 "regex",
 "same-file",
 "thread_local",
 "walkdir",
 "winapi-util",
]

[[package]]
name = "indexmap"
version = "1.9.3"
source = "registry+https://github.com/rust-lang/crates.io-index"
checksum = "bd070e393353796e801d209ad339e89596eb4c8d430d18ede6a1cced8fafbd99"
dependencies = [
 "autocfg",
 "hashbrown 0.12.3",
]

[[package]]
name = "indexmap"
version = "2.1.0"
source = "registry+https://github.com/rust-lang/crates.io-index"
checksum = "d530e1a18b1cb4c484e6e34556a0d948706958449fca0cab753d649f2bce3d1f"
dependencies = [
 "equivalent",
 "hashbrown 0.14.3",
]

[[package]]
name = "is-macro"
version = "0.3.5"
source = "registry+https://github.com/rust-lang/crates.io-index"
checksum = "59a85abdc13717906baccb5a1e435556ce0df215f242892f721dff62bf25288f"
dependencies = [
 "Inflector",
 "proc-macro2",
 "quote",
 "syn 2.0.48",
]

[[package]]
name = "is-terminal"
version = "0.4.10"
source = "registry+https://github.com/rust-lang/crates.io-index"
checksum = "0bad00257d07be169d870ab665980b06cdb366d792ad690bf2e76876dc503455"
dependencies = [
 "hermit-abi 0.3.3",
 "rustix",
 "windows-sys 0.52.0",
]

[[package]]
name = "is_ci"
version = "1.2.0"
source = "registry+https://github.com/rust-lang/crates.io-index"
checksum = "7655c9839580ee829dfacba1d1278c2b7883e50a277ff7541299489d6bdfdc45"

[[package]]
name = "itoa"
version = "1.0.1"
source = "registry+https://github.com/rust-lang/crates.io-index"
checksum = "1aab8fc367588b89dcee83ab0fd66b72b50b72fa1904d7095045ace2b0c81c35"

[[package]]
name = "lazy_static"
version = "1.4.0"
source = "registry+https://github.com/rust-lang/crates.io-index"
checksum = "e2abad23fbc42b3700f2f279844dc832adb2b2eb069b2df918f455c4e18cc646"

[[package]]
name = "libc"
version = "0.2.147"
source = "registry+https://github.com/rust-lang/crates.io-index"
checksum = "b4668fb0ea861c1df094127ac5f1da3409a82116a4ba74fca2e58ef927159bb3"

[[package]]
name = "linux-raw-sys"
version = "0.4.12"
source = "registry+https://github.com/rust-lang/crates.io-index"
checksum = "c4cd1a83af159aa67994778be9070f0ae1bd732942279cabb14f86f986a21456"

[[package]]
name = "log"
version = "0.4.20"
source = "registry+https://github.com/rust-lang/crates.io-index"
checksum = "b5e6163cb8c49088c2c36f57875e58ccd8c87c7427f7fbd50ea6710b2f3f2e8f"

[[package]]
name = "memchr"
version = "2.7.1"
source = "registry+https://github.com/rust-lang/crates.io-index"
checksum = "523dc4f511e55ab87b694dc30d0f820d60906ef06413f93d4d7a1385599cc149"

[[package]]
name = "memoffset"
version = "0.6.5"
source = "registry+https://github.com/rust-lang/crates.io-index"
checksum = "5aa361d4faea93603064a027415f07bd8e1d5c88c9fbf68bf56a285428fd79ce"
dependencies = [
 "autocfg",
]

[[package]]
name = "memory_units"
version = "0.4.0"
source = "registry+https://github.com/rust-lang/crates.io-index"
checksum = "8452105ba047068f40ff7093dd1d9da90898e63dd61736462e9cdda6a90ad3c3"

[[package]]
name = "miette"
version = "4.7.1"
source = "registry+https://github.com/rust-lang/crates.io-index"
checksum = "1c90329e44f9208b55f45711f9558cec15d7ef8295cc65ecd6d4188ae8edc58c"
dependencies = [
 "atty",
 "miette-derive",
 "once_cell",
 "owo-colors",
 "supports-color",
 "supports-hyperlinks",
 "supports-unicode",
 "terminal_size",
 "textwrap 0.15.2",
 "thiserror",
 "unicode-width",
]

[[package]]
name = "miette-derive"
version = "4.7.1"
source = "registry+https://github.com/rust-lang/crates.io-index"
checksum = "6b5bc45b761bcf1b5e6e6c4128cd93b84c218721a8d9b894aa0aff4ed180174c"
dependencies = [
 "proc-macro2",
 "quote",
 "syn 1.0.94",
]

[[package]]
name = "new_debug_unreachable"
version = "1.0.4"
source = "registry+https://github.com/rust-lang/crates.io-index"
checksum = "e4a24736216ec316047a1fc4252e27dabb04218aa4a3f37c6e7ddbf1f9782b54"

[[package]]
name = "num-bigint"
version = "0.4.3"
source = "registry+https://github.com/rust-lang/crates.io-index"
checksum = "f93ab6289c7b344a8a9f60f88d80aa20032336fe78da341afc91c8a2341fc75f"
dependencies = [
 "autocfg",
 "num-integer",
 "num-traits",
 "serde",
]

[[package]]
name = "num-integer"
version = "0.1.44"
source = "registry+https://github.com/rust-lang/crates.io-index"
checksum = "d2cc698a63b549a70bc047073d2949cce27cd1c7b0a4a862d08a8031bc2801db"
dependencies = [
 "autocfg",
 "num-traits",
]

[[package]]
name = "num-traits"
version = "0.2.16"
source = "registry+https://github.com/rust-lang/crates.io-index"
checksum = "f30b0abd723be7e2ffca1272140fac1a2f084c77ec3e123c192b66af1ee9e6c2"
dependencies = [
 "autocfg",
]

[[package]]
name = "num_cpus"
version = "1.13.1"
source = "registry+https://github.com/rust-lang/crates.io-index"
checksum = "19e64526ebdee182341572e50e9ad03965aa510cd94427a4549448f285e957a1"
dependencies = [
 "hermit-abi 0.1.19",
 "libc",
]

[[package]]
name = "once_cell"
version = "1.19.0"
source = "registry+https://github.com/rust-lang/crates.io-index"
checksum = "3fdb12b2476b595f9358c5161aa467c2438859caa136dec86c26fdd2efe17b92"

[[package]]
name = "os_pipe"
version = "1.1.5"
source = "registry+https://github.com/rust-lang/crates.io-index"
checksum = "57119c3b893986491ec9aa85056780d3a0f3cf4da7cc09dd3650dbd6c6738fb9"
dependencies = [
 "libc",
 "windows-sys 0.52.0",
]

[[package]]
name = "os_str_bytes"
version = "6.6.1"
source = "registry+https://github.com/rust-lang/crates.io-index"
checksum = "e2355d85b9a3786f481747ced0e0ff2ba35213a1f9bd406ed906554d7af805a1"

[[package]]
name = "owo-colors"
version = "3.5.0"
source = "registry+https://github.com/rust-lang/crates.io-index"
checksum = "c1b04fb49957986fdce4d6ee7a65027d55d4b6d2265e5848bbb507b58ccfdb6f"

[[package]]
name = "pathdiff"
version = "0.2.1"
source = "registry+https://github.com/rust-lang/crates.io-index"
checksum = "8835116a5c179084a830efb3adc117ab007512b535bc1a21c991d3b32a6b44dd"

[[package]]
name = "percent-encoding"
version = "2.3.1"
source = "registry+https://github.com/rust-lang/crates.io-index"
checksum = "e3148f5046208a5d56bcfc03053e3ca6334e51da8dfb19b6cdc8b306fae3283e"

[[package]]
name = "phf"
version = "0.11.2"
source = "registry+https://github.com/rust-lang/crates.io-index"
checksum = "ade2d8b8f33c7333b51bcf0428d37e217e9f32192ae4772156f65063b8ce03dc"
dependencies = [
 "phf_macros",
 "phf_shared",
]

[[package]]
name = "phf_generator"
version = "0.11.2"
source = "registry+https://github.com/rust-lang/crates.io-index"
checksum = "48e4cc64c2ad9ebe670cb8fd69dd50ae301650392e81c05f9bfcb2d5bdbc24b0"
dependencies = [
 "phf_shared",
 "rand",
]

[[package]]
name = "phf_macros"
version = "0.11.2"
source = "registry+https://github.com/rust-lang/crates.io-index"
checksum = "3444646e286606587e49f3bcf1679b8cef1dc2c5ecc29ddacaffc305180d464b"
dependencies = [
 "phf_generator",
 "phf_shared",
 "proc-macro2",
 "quote",
 "syn 2.0.48",
]

[[package]]
name = "phf_shared"
version = "0.11.2"
source = "registry+https://github.com/rust-lang/crates.io-index"
checksum = "90fcb95eef784c2ac79119d1dd819e162b5da872ce6f3c3abe1e8ca1c082f72b"
dependencies = [
 "siphasher",
]

[[package]]
name = "pin-project-lite"
version = "0.2.10"
source = "registry+https://github.com/rust-lang/crates.io-index"
checksum = "4c40d25201921e5ff0c862a505c6557ea88568a4e3ace775ab55e93f2f4f9d57"

[[package]]
name = "proc-macro2"
version = "1.0.76"
source = "registry+https://github.com/rust-lang/crates.io-index"
checksum = "95fc56cda0b5c3325f5fbbd7ff9fda9e02bb00bb3dac51252d2f1bfa1cb8cc8c"
dependencies = [
 "unicode-ident",
]

[[package]]
name = "psm"
version = "0.1.21"
source = "registry+https://github.com/rust-lang/crates.io-index"
checksum = "5787f7cda34e3033a72192c018bc5883100330f362ef279a8cbccfce8bb4e874"
dependencies = [
 "cc",
]

[[package]]
name = "pulldown-cmark"
version = "0.9.3"
source = "registry+https://github.com/rust-lang/crates.io-index"
checksum = "77a1a2f1f0a7ecff9c31abbe177637be0e97a0aef46cf8738ece09327985d998"
dependencies = [
 "bitflags 1.3.2",
 "getopts",
 "memchr",
 "unicase",
]

[[package]]
name = "quote"
version = "1.0.35"
source = "registry+https://github.com/rust-lang/crates.io-index"
checksum = "291ec9ab5efd934aaf503a6466c5d5251535d108ee747472c3977cc5acc868ef"
dependencies = [
 "proc-macro2",
]

[[package]]
name = "rand"
version = "0.8.5"
source = "registry+https://github.com/rust-lang/crates.io-index"
checksum = "34af8d1a0e25924bc5b7c43c079c942339d8f0a8b57c39049bef581b46327404"
dependencies = [
 "rand_core",
]

[[package]]
name = "rand_core"
version = "0.6.3"
source = "registry+https://github.com/rust-lang/crates.io-index"
checksum = "d34f1408f55294453790c48b2f1ebbb1c5b4b7563eb1f418bcfcfdbb06ebb4e7"

[[package]]
name = "rayon"
version = "1.8.0"
source = "registry+https://github.com/rust-lang/crates.io-index"
checksum = "9c27db03db7734835b3f53954b534c91069375ce6ccaa2e065441e07d9b6cdb1"
dependencies = [
 "either",
 "rayon-core",
]

[[package]]
name = "rayon-core"
version = "1.12.0"
source = "registry+https://github.com/rust-lang/crates.io-index"
checksum = "5ce3fb6ad83f861aac485e76e1985cd109d9a3713802152be56c3b1f0e0658ed"
dependencies = [
 "crossbeam-deque",
 "crossbeam-utils",
]

[[package]]
name = "regex"
version = "1.10.2"
source = "registry+https://github.com/rust-lang/crates.io-index"
checksum = "380b951a9c5e80ddfd6136919eef32310721aa4aacd4889a8d39124b026ab343"
dependencies = [
 "aho-corasick 1.1.2",
 "memchr",
 "regex-automata",
 "regex-syntax",
]

[[package]]
name = "regex-automata"
version = "0.4.3"
source = "registry+https://github.com/rust-lang/crates.io-index"
checksum = "5f804c7828047e88b2d32e2d7fe5a105da8ee3264f01902f796c8e067dc2483f"
dependencies = [
 "aho-corasick 1.1.2",
 "memchr",
 "regex-syntax",
]

[[package]]
name = "regex-syntax"
version = "0.8.2"
source = "registry+https://github.com/rust-lang/crates.io-index"
checksum = "c08c74e62047bb2de4ff487b251e4a92e24f48745648451635cec7d591162d9f"

[[package]]
name = "rustc-hash"
version = "1.1.0"
source = "registry+https://github.com/rust-lang/crates.io-index"
checksum = "08d43f7aa6b08d49f382cde6a7982047c3426db949b1424bc4b7ec9ae12c6ce2"

[[package]]
name = "rustc_version"
version = "0.4.0"
source = "registry+https://github.com/rust-lang/crates.io-index"
checksum = "bfa0f585226d2e68097d4f95d113b15b83a82e819ab25717ec0590d9584ef366"
dependencies = [
 "semver",
]

[[package]]
name = "rustix"
version = "0.38.8"
source = "registry+https://github.com/rust-lang/crates.io-index"
checksum = "19ed4fa021d81c8392ce04db050a3da9a60299050b7ae1cf482d862b54a7218f"
dependencies = [
 "bitflags 2.5.0",
 "errno",
 "libc",
 "linux-raw-sys",
 "windows-sys 0.48.0",
]

[[package]]
name = "ryu"
version = "1.0.9"
source = "registry+https://github.com/rust-lang/crates.io-index"
checksum = "73b4b750c782965c211b42f022f59af1fbceabdd026623714f104152f1ec149f"

[[package]]
name = "same-file"
version = "1.0.6"
source = "registry+https://github.com/rust-lang/crates.io-index"
checksum = "93fc1dc3aaa9bfed95e02e6eadabb4baf7e3078b0bd1b4d7b6b0b68378900502"
dependencies = [
 "winapi-util",
]

[[package]]
name = "scoped-tls"
version = "1.0.1"
source = "registry+https://github.com/rust-lang/crates.io-index"
checksum = "e1cf6437eb19a8f4a6cc0f7dca544973b0b78843adbfeb3683d1a94a0024a294"

[[package]]
name = "scopeguard"
version = "1.1.0"
source = "registry+https://github.com/rust-lang/crates.io-index"
checksum = "d29ab0c6d3fc0ee92fe66e2d99f700eab17a8d57d1c1d3b748380fb20baa78cd"

[[package]]
name = "semver"
version = "1.0.6"
source = "registry+https://github.com/rust-lang/crates.io-index"
checksum = "a4a3381e03edd24287172047536f20cabde766e2cd3e65e6b00fb3af51c4f38d"

[[package]]
name = "serde"
version = "1.0.198"
source = "registry+https://github.com/rust-lang/crates.io-index"
checksum = "9846a40c979031340571da2545a4e5b7c4163bdae79b301d5f86d03979451fcc"
dependencies = [
 "serde_derive",
]

[[package]]
name = "serde_derive"
version = "1.0.198"
source = "registry+https://github.com/rust-lang/crates.io-index"
checksum = "e88edab869b01783ba905e7d0153f9fc1a6505a96e4ad3018011eedb838566d9"
dependencies = [
 "proc-macro2",
 "quote",
 "syn 2.0.48",
]

[[package]]
name = "serde_json"
version = "1.0.111"
source = "registry+https://github.com/rust-lang/crates.io-index"
checksum = "176e46fa42316f18edd598015a5166857fc835ec732f5215eac6b7bdbf0a84f4"
dependencies = [
 "itoa",
 "ryu",
 "serde",
]

[[package]]
name = "siphasher"
version = "0.3.10"
source = "registry+https://github.com/rust-lang/crates.io-index"
checksum = "7bd3e3206899af3f8b12af284fafc038cc1dc2b41d1b89dd17297221c5d225de"

[[package]]
name = "smallvec"
version = "1.11.2"
source = "registry+https://github.com/rust-lang/crates.io-index"
checksum = "4dccd0940a2dcdf68d092b8cbab7dc0ad8fa938bf95787e1b916b0e3d0e8e970"

[[package]]
name = "smartstring"
version = "1.0.1"
source = "registry+https://github.com/rust-lang/crates.io-index"
checksum = "3fb72c633efbaa2dd666986505016c32c3044395ceaf881518399d2f4127ee29"
dependencies = [
 "autocfg",
 "static_assertions",
 "version_check",
]

[[package]]
name = "smawk"
version = "0.3.2"
source = "registry+https://github.com/rust-lang/crates.io-index"
checksum = "b7c388c1b5e93756d0c740965c41e8822f866621d41acbdf6336a6a168f8840c"

[[package]]
name = "stable_deref_trait"
version = "1.2.0"
source = "registry+https://github.com/rust-lang/crates.io-index"
checksum = "a8f112729512f8e442d81f95a8a7ddf2b7c6b8a1a6f509a95864142b30cab2d3"

[[package]]
name = "stacker"
version = "0.1.15"
source = "registry+https://github.com/rust-lang/crates.io-index"
checksum = "c886bd4480155fd3ef527d45e9ac8dd7118a898a46530b7b94c3e21866259fce"
dependencies = [
 "cc",
 "cfg-if 1.0.0",
 "libc",
 "psm",
 "winapi",
]

[[package]]
name = "static_assertions"
version = "1.1.0"
source = "registry+https://github.com/rust-lang/crates.io-index"
checksum = "a2eb9349b6444b326872e140eb1cf5e7c522154d69e7a0ffb0fb81c06b37543f"

[[package]]
name = "string_enum"
version = "0.4.2"
source = "registry+https://github.com/rust-lang/crates.io-index"
checksum = "1b650ea2087d32854a0f20b837fc56ec987a1cb4f758c9757e1171ee9812da63"
dependencies = [
 "proc-macro2",
 "quote",
 "swc_macros_common",
 "syn 2.0.48",
]

[[package]]
name = "strsim"
version = "0.10.0"
source = "registry+https://github.com/rust-lang/crates.io-index"
checksum = "73473c0e59e6d5812c5dfe2a064a6444949f089e20eec9a2e5506596494e4623"

[[package]]
name = "supports-color"
version = "1.3.1"
source = "registry+https://github.com/rust-lang/crates.io-index"
checksum = "8ba6faf2ca7ee42fdd458f4347ae0a9bd6bcc445ad7cb57ad82b383f18870d6f"
dependencies = [
 "atty",
 "is_ci",
]

[[package]]
name = "supports-hyperlinks"
version = "1.2.0"
source = "registry+https://github.com/rust-lang/crates.io-index"
checksum = "590b34f7c5f01ecc9d78dba4b3f445f31df750a67621cf31626f3b7441ce6406"
dependencies = [
 "atty",
]

[[package]]
name = "supports-unicode"
version = "1.0.2"
source = "registry+https://github.com/rust-lang/crates.io-index"
checksum = "a8b945e45b417b125a8ec51f1b7df2f8df7920367700d1f98aedd21e5735f8b2"
dependencies = [
 "atty",
]

[[package]]
name = "swc_atoms"
version = "0.6.7"
source = "registry+https://github.com/rust-lang/crates.io-index"
checksum = "bb6567e4e67485b3e7662b486f1565bdae54bd5b9d6b16b2ba1a9babb1e42125"
dependencies = [
 "hstr",
 "once_cell",
 "rustc-hash",
 "serde",
]

[[package]]
name = "swc_common"
version = "0.33.25"
source = "registry+https://github.com/rust-lang/crates.io-index"
checksum = "a529796c240cd87da18d26d63f9de4c7ad3680cf0a04b95f0c37f4c4f0a0da63"
dependencies = [
 "ast_node",
 "better_scoped_tls",
 "cfg-if 1.0.0",
 "either",
 "from_variant",
 "new_debug_unreachable",
 "num-bigint",
 "once_cell",
 "rustc-hash",
 "serde",
 "siphasher",
 "swc_atoms",
 "swc_eq_ignore_macros",
 "swc_visit",
 "tracing",
 "unicode-width",
 "url",
]

[[package]]
name = "swc_ecma_ast"
version = "0.113.0"
source = "registry+https://github.com/rust-lang/crates.io-index"
checksum = "f99fdda741656887f4cf75c1cee249a5f0374d67d30acc2b073182e902546ff2"
dependencies = [
 "bitflags 2.5.0",
 "is-macro",
 "num-bigint",
 "phf",
 "scoped-tls",
 "serde",
 "string_enum",
 "swc_atoms",
 "swc_common",
 "unicode-id-start",
]

[[package]]
name = "swc_ecma_loader"
version = "0.45.27"
source = "registry+https://github.com/rust-lang/crates.io-index"
checksum = "8a923880fc27cf5f3d2a684debb7c5a0ee60100af1bfe424cb5e722d290bf88a"
dependencies = [
 "anyhow",
 "pathdiff",
 "serde",
 "swc_atoms",
 "swc_common",
 "tracing",
]

[[package]]
name = "swc_ecma_parser"
version = "0.144.0"
source = "registry+https://github.com/rust-lang/crates.io-index"
checksum = "3da9f3a58f0a64410f4006eb1fdb64d190ad3cc6cd12a7bf1f0dbb916e4ca4c7"
dependencies = [
 "either",
 "new_debug_unreachable",
 "num-bigint",
 "num-traits",
 "phf",
 "serde",
 "smallvec",
 "smartstring",
 "stacker",
 "swc_atoms",
 "swc_common",
 "swc_ecma_ast",
 "tracing",
 "typed-arena",
]

[[package]]
name = "swc_ecma_transforms_base"
version = "0.138.0"
source = "registry+https://github.com/rust-lang/crates.io-index"
checksum = "91771e358664649cf2cabec86a270bd9ce267f5213f299cacb255951b5edf06b"
dependencies = [
 "better_scoped_tls",
 "bitflags 2.5.0",
 "indexmap 2.1.0",
 "once_cell",
 "phf",
 "rustc-hash",
 "serde",
 "smallvec",
 "swc_atoms",
 "swc_common",
 "swc_ecma_ast",
 "swc_ecma_parser",
 "swc_ecma_utils",
 "swc_ecma_visit",
 "tracing",
]

[[package]]
name = "swc_ecma_utils"
version = "0.128.0"
source = "registry+https://github.com/rust-lang/crates.io-index"
checksum = "cd533f5751b7a8673bd843151c4e6e64a2dcf6c1f65331401e88f244c0e85de7"
dependencies = [
 "indexmap 2.1.0",
 "num_cpus",
 "once_cell",
 "rustc-hash",
 "swc_atoms",
 "swc_common",
 "swc_ecma_ast",
 "swc_ecma_visit",
 "tracing",
 "unicode-id",
]

[[package]]
name = "swc_ecma_visit"
version = "0.99.0"
source = "registry+https://github.com/rust-lang/crates.io-index"
checksum = "0c74008ebc5e0d3d9a1b3df54083ddbff1a375cfadff857da1fdc7837b48c52d"
dependencies = [
 "num-bigint",
 "swc_atoms",
 "swc_common",
 "swc_ecma_ast",
 "swc_visit",
 "tracing",
]

[[package]]
name = "swc_eq_ignore_macros"
version = "0.1.3"
source = "registry+https://github.com/rust-lang/crates.io-index"
checksum = "695a1d8b461033d32429b5befbf0ad4d7a2c4d6ba9cd5ba4e0645c615839e8e4"
dependencies = [
 "proc-macro2",
 "quote",
 "syn 2.0.48",
]

[[package]]
name = "swc_macros_common"
version = "0.3.10"
source = "registry+https://github.com/rust-lang/crates.io-index"
checksum = "5a5be7766a95a2840ded618baeaab63809b71230ef19094b34f76c8af4d85aa2"
dependencies = [
 "proc-macro2",
 "quote",
 "syn 2.0.48",
]

[[package]]
name = "swc_visit"
version = "0.5.13"
source = "registry+https://github.com/rust-lang/crates.io-index"
checksum = "0263be55289abfe9c877ffef83d877b5bdfac036ffe2de793f48f5e47e41dbae"
dependencies = [
 "either",
 "swc_visit_macros",
]

[[package]]
name = "swc_visit_macros"
version = "0.5.11"
source = "registry+https://github.com/rust-lang/crates.io-index"
checksum = "33fc817055fe127b4285dc85058596768bfde7537ae37da82c67815557f03e33"
dependencies = [
 "Inflector",
 "proc-macro2",
 "quote",
 "swc_macros_common",
 "syn 2.0.48",
]

[[package]]
name = "syn"
version = "1.0.94"
source = "registry+https://github.com/rust-lang/crates.io-index"
checksum = "a07e33e919ebcd69113d5be0e4d70c5707004ff45188910106854f38b960df4a"
dependencies = [
 "proc-macro2",
 "quote",
 "unicode-xid",
]

[[package]]
name = "syn"
version = "2.0.48"
source = "registry+https://github.com/rust-lang/crates.io-index"
checksum = "0f3531638e407dfc0814761abb7c00a5b54992b849452a0646b7f65c9f770f3f"
dependencies = [
 "proc-macro2",
 "quote",
 "unicode-ident",
]

[[package]]
name = "termcolor"
version = "1.1.3"
source = "registry+https://github.com/rust-lang/crates.io-index"
checksum = "bab24d30b911b2376f3a13cc2cd443142f0c81dda04c118693e35b3835757755"
dependencies = [
 "winapi-util",
]

[[package]]
name = "terminal_size"
version = "0.1.17"
source = "registry+https://github.com/rust-lang/crates.io-index"
checksum = "633c1a546cee861a1a6d0dc69ebeca693bf4296661ba7852b9d21d159e0506df"
dependencies = [
 "libc",
 "winapi",
]

[[package]]
name = "text_lines"
version = "0.6.0"
source = "registry+https://github.com/rust-lang/crates.io-index"
checksum = "7fd5828de7deaa782e1dd713006ae96b3bee32d3279b79eb67ecf8072c059bcf"
dependencies = [
 "serde",
]

[[package]]
name = "textwrap"
version = "0.15.2"
source = "registry+https://github.com/rust-lang/crates.io-index"
checksum = "b7b3e525a49ec206798b40326a44121291b530c963cfb01018f63e135bac543d"
dependencies = [
 "smawk",
 "unicode-linebreak",
 "unicode-width",
]

[[package]]
name = "textwrap"
version = "0.16.0"
source = "registry+https://github.com/rust-lang/crates.io-index"
checksum = "222a222a5bfe1bba4a77b45ec488a741b3cb8872e5e499451fd7d0129c9c7c3d"

[[package]]
name = "thiserror"
version = "1.0.58"
source = "registry+https://github.com/rust-lang/crates.io-index"
checksum = "03468839009160513471e86a034bb2c5c0e4baae3b43f79ffc55c4a5427b3297"
dependencies = [
 "thiserror-impl",
]

[[package]]
name = "thiserror-impl"
version = "1.0.58"
source = "registry+https://github.com/rust-lang/crates.io-index"
checksum = "c61f3ba182994efc43764a46c018c347bc492c79f024e705f46567b418f6d4f7"
dependencies = [
 "proc-macro2",
 "quote",
 "syn 2.0.48",
]

[[package]]
name = "thread_local"
version = "1.1.4"
source = "registry+https://github.com/rust-lang/crates.io-index"
checksum = "5516c27b78311c50bf42c071425c560ac799b11c30b31f87e3081965fe5e0180"
dependencies = [
 "once_cell",
]

[[package]]
name = "tinyvec"
version = "1.5.1"
source = "registry+https://github.com/rust-lang/crates.io-index"
checksum = "2c1c1d5a42b6245520c249549ec267180beaffcc0615401ac8e31853d4b6d8d2"
dependencies = [
 "tinyvec_macros",
]

[[package]]
name = "tinyvec_macros"
version = "0.1.0"
source = "registry+https://github.com/rust-lang/crates.io-index"
checksum = "cda74da7e1a664f795bb1f8a87ec406fb89a02522cf6e50620d016add6dbbf5c"

[[package]]
name = "tracing"
version = "0.1.40"
source = "registry+https://github.com/rust-lang/crates.io-index"
checksum = "c3523ab5a71916ccf420eebdf5521fcef02141234bbc0b8a49f2fdc4544364ef"
dependencies = [
 "pin-project-lite",
 "tracing-attributes",
 "tracing-core",
]

[[package]]
name = "tracing-attributes"
version = "0.1.27"
source = "registry+https://github.com/rust-lang/crates.io-index"
checksum = "34704c8d6ebcbc939824180af020566b01a7c01f80641264eba0999f6c2b6be7"
dependencies = [
 "proc-macro2",
 "quote",
 "syn 2.0.48",
]

[[package]]
name = "tracing-core"
version = "0.1.32"
source = "registry+https://github.com/rust-lang/crates.io-index"
checksum = "c06d3da6113f116aaee68e4d601191614c9053067f9ab7f6edbcb161237daa54"
dependencies = [
 "once_cell",
]

[[package]]
name = "triomphe"
version = "0.1.11"
source = "registry+https://github.com/rust-lang/crates.io-index"
checksum = "859eb650cfee7434994602c3a68b25d77ad9e68c8a6cd491616ef86661382eb3"
dependencies = [
 "serde",
 "stable_deref_trait",
]

[[package]]
name = "typed-arena"
version = "2.0.1"
source = "registry+https://github.com/rust-lang/crates.io-index"
checksum = "0685c84d5d54d1c26f7d3eb96cd41550adb97baed141a761cf335d3d33bcd0ae"

[[package]]
name = "unicase"
version = "2.6.0"
source = "registry+https://github.com/rust-lang/crates.io-index"
checksum = "50f37be617794602aabbeee0be4f259dc1778fabe05e2d67ee8f79326d5cb4f6"
dependencies = [
 "version_check",
]

[[package]]
name = "unicode-bidi"
version = "0.3.13"
source = "registry+https://github.com/rust-lang/crates.io-index"
checksum = "92888ba5573ff080736b3648696b70cafad7d250551175acbaa4e0385b3e1460"

[[package]]
name = "unicode-id"
version = "0.3.0"
source = "registry+https://github.com/rust-lang/crates.io-index"
checksum = "4285d92be83dfbc8950a2601178b89ed36f979ebf51bfcf7b272b17001184e6c"

[[package]]
name = "unicode-id-start"
version = "1.1.2"
source = "registry+https://github.com/rust-lang/crates.io-index"
checksum = "b8f73150333cb58412db36f2aca8f2875b013049705cc77b94ded70a1ab1f5da"

[[package]]
name = "unicode-ident"
version = "1.0.10"
source = "registry+https://github.com/rust-lang/crates.io-index"
checksum = "22049a19f4a68748a168c0fc439f9516686aa045927ff767eca0a85101fb6e73"

[[package]]
name = "unicode-linebreak"
version = "0.1.5"
source = "registry+https://github.com/rust-lang/crates.io-index"
checksum = "3b09c83c3c29d37506a3e260c08c03743a6bb66a9cd432c6934ab501a190571f"

[[package]]
name = "unicode-normalization"
version = "0.1.22"
source = "registry+https://github.com/rust-lang/crates.io-index"
checksum = "5c5713f0fc4b5db668a2ac63cdb7bb4469d8c9fed047b1d0292cc7b0ce2ba921"
dependencies = [
 "tinyvec",
]

[[package]]
name = "unicode-width"
version = "0.1.11"
source = "registry+https://github.com/rust-lang/crates.io-index"
checksum = "e51733f11c9c4f72aa0c160008246859e340b00807569a0da0e7a1079b27ba85"

[[package]]
name = "unicode-xid"
version = "0.2.2"
source = "registry+https://github.com/rust-lang/crates.io-index"
checksum = "8ccb82d61f80a663efe1f787a51b16b5a51e3314d6ac365b08639f52387b33f3"

[[package]]
name = "url"
version = "2.4.0"
source = "registry+https://github.com/rust-lang/crates.io-index"
checksum = "50bff7831e19200a85b17131d085c25d7811bc4e186efdaf54bbd132994a88cb"
dependencies = [
 "form_urlencoded",
 "idna",
 "percent-encoding",
 "serde",
]

[[package]]
name = "utf8parse"
version = "0.2.1"
source = "registry+https://github.com/rust-lang/crates.io-index"
checksum = "711b9620af191e0cdc7468a8d14e709c3dcdb115b36f838e601583af800a370a"

[[package]]
name = "version_check"
version = "0.9.4"
source = "registry+https://github.com/rust-lang/crates.io-index"
checksum = "49874b5167b65d7193b8aba1567f5c7d93d001cafc34600cee003eda787e483f"

[[package]]
name = "vte"
version = "0.13.0"
source = "registry+https://github.com/rust-lang/crates.io-index"
checksum = "40eb22ae96f050e0c0d6f7ce43feeae26c348fc4dea56928ca81537cfaa6188b"
dependencies = [
 "arrayvec",
 "utf8parse",
 "vte_generate_state_changes",
]

[[package]]
name = "vte_generate_state_changes"
version = "0.1.1"
source = "registry+https://github.com/rust-lang/crates.io-index"
checksum = "d257817081c7dffcdbab24b9e62d2def62e2ff7d00b1c20062551e6cccc145ff"
dependencies = [
 "proc-macro2",
 "quote",
]

[[package]]
name = "walkdir"
version = "2.3.2"
source = "registry+https://github.com/rust-lang/crates.io-index"
checksum = "808cf2735cd4b6866113f648b791c6adc5714537bc222d9347bb203386ffda56"
dependencies = [
 "same-file",
 "winapi",
 "winapi-util",
]

[[package]]
name = "wasm-bindgen"
version = "0.2.92"
source = "registry+https://github.com/rust-lang/crates.io-index"
checksum = "4be2531df63900aeb2bca0daaaddec08491ee64ceecbee5076636a3b026795a8"
dependencies = [
 "cfg-if 1.0.0",
 "wasm-bindgen-macro",
]

[[package]]
name = "wasm-bindgen-backend"
version = "0.2.92"
source = "registry+https://github.com/rust-lang/crates.io-index"
checksum = "614d787b966d3989fa7bb98a654e369c762374fd3213d212cfc0251257e747da"
dependencies = [
 "bumpalo",
 "log",
 "once_cell",
 "proc-macro2",
 "quote",
 "syn 2.0.48",
 "wasm-bindgen-shared",
]

[[package]]
name = "wasm-bindgen-macro"
version = "0.2.92"
source = "registry+https://github.com/rust-lang/crates.io-index"
checksum = "a1f8823de937b71b9460c0c34e25f3da88250760bec0ebac694b49997550d726"
dependencies = [
 "quote",
 "wasm-bindgen-macro-support",
]

[[package]]
name = "wasm-bindgen-macro-support"
version = "0.2.92"
source = "registry+https://github.com/rust-lang/crates.io-index"
checksum = "e94f17b526d0a461a191c78ea52bbce64071ed5c04c9ffe424dcb38f74171bb7"
dependencies = [
 "proc-macro2",
 "quote",
 "syn 2.0.48",
 "wasm-bindgen-backend",
 "wasm-bindgen-shared",
]

[[package]]
name = "wasm-bindgen-shared"
version = "0.2.92"
source = "registry+https://github.com/rust-lang/crates.io-index"
checksum = "af190c94f2773fdb3729c55b007a722abb5384da03bc0986df4c289bf5567e96"

[[package]]
name = "wee_alloc"
version = "0.4.5"
source = "registry+https://github.com/rust-lang/crates.io-index"
checksum = "dbb3b5a6b2bb17cb6ad44a2e68a43e8d2722c997da10e928665c72ec6c0a0b8e"
dependencies = [
 "cfg-if 0.1.10",
 "libc",
 "memory_units",
 "winapi",
]

[[package]]
name = "winapi"
version = "0.3.9"
source = "registry+https://github.com/rust-lang/crates.io-index"
checksum = "5c839a674fcd7a98952e593242ea400abe93992746761e38641405d28b00f419"
dependencies = [
 "winapi-i686-pc-windows-gnu",
 "winapi-x86_64-pc-windows-gnu",
]

[[package]]
name = "winapi-i686-pc-windows-gnu"
version = "0.4.0"
source = "registry+https://github.com/rust-lang/crates.io-index"
checksum = "ac3b87c63620426dd9b991e5ce0329eff545bccbbb34f3be09ff6fb6ab51b7b6"

[[package]]
name = "winapi-util"
version = "0.1.5"
source = "registry+https://github.com/rust-lang/crates.io-index"
checksum = "70ec6ce85bb158151cae5e5c87f95a8e97d2c0c4b001223f33a334e3ce5de178"
dependencies = [
 "winapi",
]

[[package]]
name = "winapi-x86_64-pc-windows-gnu"
version = "0.4.0"
source = "registry+https://github.com/rust-lang/crates.io-index"
checksum = "712e227841d057c1ee1cd2fb22fa7e5a5461ae8e48fa2ca79ec42cfc1931183f"

[[package]]
name = "windows-sys"
version = "0.48.0"
source = "registry+https://github.com/rust-lang/crates.io-index"
checksum = "677d2418bec65e3338edb076e806bc1ec15693c5d0104683f2efe857f61056a9"
dependencies = [
 "windows-targets 0.48.5",
]

[[package]]
name = "windows-sys"
version = "0.52.0"
source = "registry+https://github.com/rust-lang/crates.io-index"
checksum = "282be5f36a8ce781fad8c8ae18fa3f9beff57ec1b52cb3de0789201425d9a33d"
dependencies = [
 "windows-targets 0.52.0",
]

[[package]]
name = "windows-targets"
version = "0.48.5"
source = "registry+https://github.com/rust-lang/crates.io-index"
checksum = "9a2fa6e2155d7247be68c096456083145c183cbbbc2764150dda45a87197940c"
dependencies = [
 "windows_aarch64_gnullvm 0.48.5",
 "windows_aarch64_msvc 0.48.5",
 "windows_i686_gnu 0.48.5",
 "windows_i686_msvc 0.48.5",
 "windows_x86_64_gnu 0.48.5",
 "windows_x86_64_gnullvm 0.48.5",
 "windows_x86_64_msvc 0.48.5",
]

[[package]]
name = "windows-targets"
version = "0.52.0"
source = "registry+https://github.com/rust-lang/crates.io-index"
checksum = "8a18201040b24831fbb9e4eb208f8892e1f50a37feb53cc7ff887feb8f50e7cd"
dependencies = [
 "windows_aarch64_gnullvm 0.52.0",
 "windows_aarch64_msvc 0.52.0",
 "windows_i686_gnu 0.52.0",
 "windows_i686_msvc 0.52.0",
 "windows_x86_64_gnu 0.52.0",
 "windows_x86_64_gnullvm 0.52.0",
 "windows_x86_64_msvc 0.52.0",
]

[[package]]
name = "windows_aarch64_gnullvm"
version = "0.48.5"
source = "registry+https://github.com/rust-lang/crates.io-index"
checksum = "2b38e32f0abccf9987a4e3079dfb67dcd799fb61361e53e2882c3cbaf0d905d8"

[[package]]
name = "windows_aarch64_gnullvm"
version = "0.52.0"
source = "registry+https://github.com/rust-lang/crates.io-index"
checksum = "cb7764e35d4db8a7921e09562a0304bf2f93e0a51bfccee0bd0bb0b666b015ea"

[[package]]
name = "windows_aarch64_msvc"
version = "0.48.5"
source = "registry+https://github.com/rust-lang/crates.io-index"
checksum = "dc35310971f3b2dbbf3f0690a219f40e2d9afcf64f9ab7cc1be722937c26b4bc"

[[package]]
name = "windows_aarch64_msvc"
version = "0.52.0"
source = "registry+https://github.com/rust-lang/crates.io-index"
checksum = "bbaa0368d4f1d2aaefc55b6fcfee13f41544ddf36801e793edbbfd7d7df075ef"

[[package]]
name = "windows_i686_gnu"
version = "0.48.5"
source = "registry+https://github.com/rust-lang/crates.io-index"
checksum = "a75915e7def60c94dcef72200b9a8e58e5091744960da64ec734a6c6e9b3743e"

[[package]]
name = "windows_i686_gnu"
version = "0.52.0"
source = "registry+https://github.com/rust-lang/crates.io-index"
checksum = "a28637cb1fa3560a16915793afb20081aba2c92ee8af57b4d5f28e4b3e7df313"

[[package]]
name = "windows_i686_msvc"
version = "0.48.5"
source = "registry+https://github.com/rust-lang/crates.io-index"
checksum = "8f55c233f70c4b27f66c523580f78f1004e8b5a8b659e05a4eb49d4166cca406"

[[package]]
name = "windows_i686_msvc"
version = "0.52.0"
source = "registry+https://github.com/rust-lang/crates.io-index"
checksum = "ffe5e8e31046ce6230cc7215707b816e339ff4d4d67c65dffa206fd0f7aa7b9a"

[[package]]
name = "windows_x86_64_gnu"
version = "0.48.5"
source = "registry+https://github.com/rust-lang/crates.io-index"
checksum = "53d40abd2583d23e4718fddf1ebec84dbff8381c07cae67ff7768bbf19c6718e"

[[package]]
name = "windows_x86_64_gnu"
version = "0.52.0"
source = "registry+https://github.com/rust-lang/crates.io-index"
checksum = "3d6fa32db2bc4a2f5abeacf2b69f7992cd09dca97498da74a151a3132c26befd"

[[package]]
name = "windows_x86_64_gnullvm"
version = "0.48.5"
source = "registry+https://github.com/rust-lang/crates.io-index"
checksum = "0b7b52767868a23d5bab768e390dc5f5c55825b6d30b86c844ff2dc7414044cc"

[[package]]
name = "windows_x86_64_gnullvm"
version = "0.52.0"
source = "registry+https://github.com/rust-lang/crates.io-index"
checksum = "1a657e1e9d3f514745a572a6846d3c7aa7dbe1658c056ed9c3344c4109a6949e"

[[package]]
name = "windows_x86_64_msvc"
version = "0.48.5"
source = "registry+https://github.com/rust-lang/crates.io-index"
checksum = "ed94fce61571a4006852b7389a063ab983c02eb1bb37b47f8272ce92d06d9538"

[[package]]
name = "windows_x86_64_msvc"
version = "0.52.0"
source = "registry+https://github.com/rust-lang/crates.io-index"
checksum = "dff9641d1cd4be8d1a070daf9e3773c5f67e78b4d9d42263020c057706765c04"
