{
  "version": "3",
  "packages": {
    "specifiers": {
      "npm:chalk": "npm:chalk@5.3.0"
    },
    "npm": {
      "chalk@5.3.0": {
        "integrity": "sha512-dLitG79d+GV1Nb/VYcCDFivJeK1hiukt9QjRNVOsUtTy1rR1YJsmpGGTZ3qJos+uw7WmWF4wUwBd9jxjocFC2w==",
        "dependencies": {}
      }
    }
  },
  "remote": {}
}
