{
  "version": "3",
  "packages": {
    "specifiers": {
      "jsr:@luca/esbuild-deno-loader@0.10.3": "jsr:@luca/esbuild-deno-loader@0.10.3",
      "jsr:@std/assert@^0.213.1": "jsr:@std/assert@0.213.1",
      "jsr:@std/assert@^0.224.0": "jsr:@std/assert@0.224.0",
      "jsr:@std/encoding@0.213": "jsr:@std/encoding@0.213.1",
      "jsr:@std/jsonc@0.213": "jsr:@std/jsonc@0.213.1",
      "jsr:@std/path@0.213": "jsr:@std/path@0.213.1"
    },
    "jsr": {
      "@luca/esbuild-deno-loader@0.10.3": {
        "integrity": "32fc93f7e7f78060234fd5929a740668aab1c742b808c6048b57f9aaea514921",
        "dependencies": [
          "jsr:@std/encoding@0.213",
          "jsr:@std/jsonc@0.213",
          "jsr:@std/path@0.213"
        ]
      },
      "@std/assert@0.213.1": {
        "integrity": "24c28178b30c8e0782c18e8e94ea72b16282207569cdd10ffb9d1d26f2edebfe"
      },
      "@std/assert@0.224.0": {
        "integrity": "8643233ec7aec38a940a8264a6e3eed9bfa44e7a71cc6b3c8874213ff401967f"
      },
      "@std/encoding@0.213.1": {
        "integrity": "fcbb6928713dde941a18ca5db88ca1544d0755ec8fb20fe61e2dc8144b390c62"
      },
      "@std/jsonc@0.213.1": {
        "integrity": "5578f21aa583b7eb7317eed077ffcde47b294f1056bdbb9aacec407758637bfe",
        "dependencies": [
          "jsr:@std/assert@^0.213.1"
        ]
      },
      "@std/path@0.213.1": {
        "integrity": "f187bf278a172752e02fcbacf6bd78a335ed320d080a7ed3a5a59c3e88abc673",
        "dependencies": [
          "jsr:@std/assert@^0.213.1"
        ]
      }
    }
  },
  "remote": {
    "https://deno.land/std@0.177.0/path/_constants.ts": "e49961f6f4f48039c0dfed3c3f93e963ca3d92791c9d478ac5b43183413136e0",
    "https://deno.land/std@0.177.0/path/_util.ts": "d7abb1e0dea065f427b89156e28cdeb32b045870acdf865833ba808a73b576d0",
    "https://deno.land/std@0.177.0/path/posix.ts": "8b7c67ac338714b30c816079303d0285dd24af6b284f7ad63da5b27372a2c94d",
    "https://deno.land/std@0.208.0/assert/assert.ts": "9a97dad6d98c238938e7540736b826440ad8c1c1e54430ca4c4e623e585607ee",
    "https://deno.land/std@0.208.0/assert/assertion_error.ts": "4d0bde9b374dfbcbe8ac23f54f567b77024fb67dbb1906a852d67fe050d42f56",
    "https://deno.land/std@0.208.0/fs/_util.ts": "fbf57dcdc9f7bc8128d60301eece608246971a7836a3bb1e78da75314f08b978",
    "https://deno.land/std@0.208.0/fs/ensure_dir.ts": "dc64c4c75c64721d4e3fb681f1382f803ff3d2868f08563ff923fdd20d071c40",
    "https://deno.land/std@0.208.0/fs/expand_glob.ts": "4f98c508fc9e40d6311d2f7fd88aaad05235cc506388c22dda315e095305811d",
    "https://deno.land/std@0.208.0/fs/walk.ts": "c1e6b43f72a46e89b630140308bd51a4795d416a416b4cfb7cd4bd1e25946723",
    "https://deno.land/std@0.208.0/path/_common/assert_path.ts": "061e4d093d4ba5aebceb2c4da3318bfe3289e868570e9d3a8e327d91c2958946",
    "https://deno.land/std@0.208.0/path/_common/basename.ts": "0d978ff818f339cd3b1d09dc914881f4d15617432ae519c1b8fdc09ff8d3789a",
    "https://deno.land/std@0.208.0/path/_common/common.ts": "9e4233b2eeb50f8b2ae10ecc2108f58583aea6fd3e8907827020282dc2b76143",
    "https://deno.land/std@0.208.0/path/_common/constants.ts": "e49961f6f4f48039c0dfed3c3f93e963ca3d92791c9d478ac5b43183413136e0",
    "https://deno.land/std@0.208.0/path/_common/dirname.ts": "2ba7fb4cc9fafb0f38028f434179579ce61d4d9e51296fad22b701c3d3cd7397",
    "https://deno.land/std@0.208.0/path/_common/format.ts": "11aa62e316dfbf22c126917f5e03ea5fe2ee707386555a8f513d27ad5756cf96",
    "https://deno.land/std@0.208.0/path/_common/from_file_url.ts": "ef1bf3197d2efbf0297a2bdbf3a61d804b18f2bcce45548ae112313ec5be3c22",
    "https://deno.land/std@0.208.0/path/_common/glob_to_reg_exp.ts": "5c3c2b79fc2294ec803d102bd9855c451c150021f452046312819fbb6d4dc156",
    "https://deno.land/std@0.208.0/path/_common/normalize.ts": "2ba7fb4cc9fafb0f38028f434179579ce61d4d9e51296fad22b701c3d3cd7397",
    "https://deno.land/std@0.208.0/path/_common/normalize_string.ts": "88c472f28ae49525f9fe82de8c8816d93442d46a30d6bb5063b07ff8a89ff589",
    "https://deno.land/std@0.208.0/path/_common/relative.ts": "1af19d787a2a84b8c534cc487424fe101f614982ae4851382c978ab2216186b4",
    "https://deno.land/std@0.208.0/path/_common/strip_trailing_separators.ts": "7ffc7c287e97bdeeee31b155828686967f222cd73f9e5780bfe7dfb1b58c6c65",
    "https://deno.land/std@0.208.0/path/_common/to_file_url.ts": "a8cdd1633bc9175b7eebd3613266d7c0b6ae0fb0cff24120b6092ac31662f9ae",
    "https://deno.land/std@0.208.0/path/_interface.ts": "6471159dfbbc357e03882c2266d21ef9afdb1e4aa771b0545e90db58a0ba314b",
    "https://deno.land/std@0.208.0/path/_os.ts": "30b0c2875f360c9296dbe6b7f2d528f0f9c741cecad2e97f803f5219e91b40a2",
    "https://deno.land/std@0.208.0/path/basename.ts": "04bb5ef3e86bba8a35603b8f3b69537112cdd19ce64b77f2522006da2977a5f3",
    "https://deno.land/std@0.208.0/path/common.ts": "f4d061c7d0b95a65c2a1a52439edec393e906b40f1caf4604c389fae7caa80f5",
    "https://deno.land/std@0.208.0/path/dirname.ts": "88a0a71c21debafc4da7a4cd44fd32e899462df458fbca152390887d41c40361",
    "https://deno.land/std@0.208.0/path/extname.ts": "2da4e2490f3b48b7121d19fb4c91681a5e11bd6bd99df4f6f47d7a71bb6ecdf2",
    "https://deno.land/std@0.208.0/path/format.ts": "3457530cc85d1b4bab175f9ae73998b34fd456c830d01883169af0681b8894fb",
    "https://deno.land/std@0.208.0/path/from_file_url.ts": "e7fa233ea1dff9641e8d566153a24d95010110185a6f418dd2e32320926043f8",
    "https://deno.land/std@0.208.0/path/glob.ts": "a00a81a55c02bbe074ab21a50b6495c6f7795f54cd718c824adaa92c6c9b7419",
    "https://deno.land/std@0.208.0/path/glob_to_regexp.ts": "74d7448c471e293d03f05ccb968df4365fed6aaa508506b6325a8efdc01d8271",
    "https://deno.land/std@0.208.0/path/is_absolute.ts": "67232b41b860571c5b7537f4954c88d86ae2ba45e883ee37d3dec27b74909d13",
    "https://deno.land/std@0.208.0/path/is_glob.ts": "567dce5c6656bdedfc6b3ee6c0833e1e4db2b8dff6e62148e94a917f289c06ad",
    "https://deno.land/std@0.208.0/path/join.ts": "98d3d76c819af4a11a81d5ba2dbb319f1ce9d63fc2b615597d4bcfddd4a89a09",
    "https://deno.land/std@0.208.0/path/join_globs.ts": "9b84d5103b63d3dbed4b2cf8b12477b2ad415c7d343f1488505162dc0e5f4db8",
    "https://deno.land/std@0.208.0/path/mod.ts": "3defabebc98279e62b392fee7a6937adc932a8f4dcd2471441e36c15b97b00e0",
    "https://deno.land/std@0.208.0/path/normalize.ts": "aa95be9a92c7bd4f9dc0ba51e942a1973e2b93d266cd74f5ca751c136d520b66",
    "https://deno.land/std@0.208.0/path/normalize_glob.ts": "674baa82e1c00b6cb153bbca36e06f8e0337cb8062db6d905ab5de16076ca46b",
    "https://deno.land/std@0.208.0/path/parse.ts": "d87ff0deef3fb495bc0d862278ff96da5a06acf0625ca27769fc52ac0d3d6ece",
    "https://deno.land/std@0.208.0/path/posix/_util.ts": "ecf49560fedd7dd376c6156cc5565cad97c1abe9824f4417adebc7acc36c93e5",
    "https://deno.land/std@0.208.0/path/posix/basename.ts": "a630aeb8fd8e27356b1823b9dedd505e30085015407caa3396332752f6b8406a",
    "https://deno.land/std@0.208.0/path/posix/common.ts": "e781d395dc76f6282e3f7dd8de13194abb8b04a82d109593141abc6e95755c8b",
    "https://deno.land/std@0.208.0/path/posix/dirname.ts": "f48c9c42cc670803b505478b7ef162c7cfa9d8e751b59d278b2ec59470531472",
    "https://deno.land/std@0.208.0/path/posix/extname.ts": "ee7f6571a9c0a37f9218fbf510c440d1685a7c13082c348d701396cc795e0be0",
    "https://deno.land/std@0.208.0/path/posix/format.ts": "b94876f77e61bfe1f147d5ccb46a920636cd3cef8be43df330f0052b03875968",
    "https://deno.land/std@0.208.0/path/posix/from_file_url.ts": "b97287a83e6407ac27bdf3ab621db3fccbf1c27df0a1b1f20e1e1b5acf38a379",
    "https://deno.land/std@0.208.0/path/posix/glob_to_regexp.ts": "6ed00c71fbfe0ccc35977c35444f94e82200b721905a60bd1278b1b768d68b1a",
    "https://deno.land/std@0.208.0/path/posix/is_absolute.ts": "159900a3422d11069d48395568217eb7fc105ceda2683d03d9b7c0f0769e01b8",
    "https://deno.land/std@0.208.0/path/posix/is_glob.ts": "ec4fbc604b9db8487f7b56ab0e759b24a971ab6a45f7b0b698bc39b8b9f9680f",
    "https://deno.land/std@0.208.0/path/posix/join.ts": "0c0d84bdc344876930126640011ec1b888e6facf74153ffad9ef26813aa2a076",
    "https://deno.land/std@0.208.0/path/posix/join_globs.ts": "f4838d54b1f60a34a40625a3293f6e583135348be1b2974341ac04743cb26121",
    "https://deno.land/std@0.208.0/path/posix/mod.ts": "f1b08a7f64294b7de87fc37190d63b6ce5b02889af9290c9703afe01951360ae",
    "https://deno.land/std@0.208.0/path/posix/normalize.ts": "11de90a94ab7148cc46e5a288f7d732aade1d616bc8c862f5560fa18ff987b4b",
    "https://deno.land/std@0.208.0/path/posix/normalize_glob.ts": "10a1840c628ebbab679254d5fa1c20e59106102354fb648a1765aed72eb9f3f9",
    "https://deno.land/std@0.208.0/path/posix/parse.ts": "199208f373dd93a792e9c585352bfc73a6293411bed6da6d3bc4f4ef90b04c8e",
    "https://deno.land/std@0.208.0/path/posix/relative.ts": "e2f230608b0f083e6deaa06e063943e5accb3320c28aef8d87528fbb7fe6504c",
    "https://deno.land/std@0.208.0/path/posix/resolve.ts": "51579d83159d5c719518c9ae50812a63959bbcb7561d79acbdb2c3682236e285",
    "https://deno.land/std@0.208.0/path/posix/separator.ts": "0b6573b5f3269a3164d8edc9cefc33a02dd51003731c561008c8bb60220ebac1",
    "https://deno.land/std@0.208.0/path/posix/to_file_url.ts": "08d43ea839ee75e9b8b1538376cfe95911070a655cd312bc9a00f88ef14967b6",
    "https://deno.land/std@0.208.0/path/posix/to_namespaced_path.ts": "c9228a0e74fd37e76622cd7b142b8416663a9b87db643302fa0926b5a5c83bdc",
    "https://deno.land/std@0.208.0/path/relative.ts": "23d45ede8b7ac464a8299663a43488aad6b561414e7cbbe4790775590db6349c",
    "https://deno.land/std@0.208.0/path/resolve.ts": "5b184efc87155a0af9fa305ff68a109e28de9aee81fc3e77cd01380f19daf867",
    "https://deno.land/std@0.208.0/path/separator.ts": "40a3e9a4ad10bef23bc2cd6c610291b6c502a06237c2c4cd034a15ca78dedc1f",
    "https://deno.land/std@0.208.0/path/to_file_url.ts": "edaafa089e0bce386e1b2d47afe7c72e379ff93b28a5829a5885e4b6c626d864",
    "https://deno.land/std@0.208.0/path/to_namespaced_path.ts": "cf8734848aac3c7527d1689d2adf82132b1618eff3cc523a775068847416b22a",
    "https://deno.land/std@0.208.0/path/windows/_util.ts": "f32b9444554c8863b9b4814025c700492a2b57ff2369d015360970a1b1099d54",
    "https://deno.land/std@0.208.0/path/windows/basename.ts": "8a9dbf7353d50afbc5b221af36c02a72c2d1b2b5b9f7c65bf6a5a2a0baf88ad3",
    "https://deno.land/std@0.208.0/path/windows/common.ts": "e781d395dc76f6282e3f7dd8de13194abb8b04a82d109593141abc6e95755c8b",
    "https://deno.land/std@0.208.0/path/windows/dirname.ts": "5c2aa541384bf0bd9aca821275d2a8690e8238fa846198ef5c7515ce31a01a94",
    "https://deno.land/std@0.208.0/path/windows/extname.ts": "07f4fa1b40d06a827446b3e3bcc8d619c5546b079b8ed0c77040bbef716c7614",
    "https://deno.land/std@0.208.0/path/windows/format.ts": "343019130d78f172a5c49fdc7e64686a7faf41553268961e7b6c92a6d6548edf",
    "https://deno.land/std@0.208.0/path/windows/from_file_url.ts": "d53335c12b0725893d768be3ac6bf0112cc5b639d2deb0171b35988493b46199",
    "https://deno.land/std@0.208.0/path/windows/glob_to_regexp.ts": "290755e18ec6c1a4f4d711c3390537358e8e3179581e66261a0cf348b1a13395",
    "https://deno.land/std@0.208.0/path/windows/is_absolute.ts": "245b56b5f355ede8664bd7f080c910a97e2169972d23075554ae14d73722c53c",
    "https://deno.land/std@0.208.0/path/windows/is_glob.ts": "ec4fbc604b9db8487f7b56ab0e759b24a971ab6a45f7b0b698bc39b8b9f9680f",
    "https://deno.land/std@0.208.0/path/windows/join.ts": "e6600bf88edeeef4e2276e155b8de1d5dec0435fd526ba2dc4d37986b2882f16",
    "https://deno.land/std@0.208.0/path/windows/join_globs.ts": "f4838d54b1f60a34a40625a3293f6e583135348be1b2974341ac04743cb26121",
    "https://deno.land/std@0.208.0/path/windows/mod.ts": "d7040f461465c2c21c1c68fc988ef0bdddd499912138cde3abf6ad60c7fb3814",
    "https://deno.land/std@0.208.0/path/windows/normalize.ts": "9deebbf40c81ef540b7b945d4ccd7a6a2c5a5992f791e6d3377043031e164e69",
    "https://deno.land/std@0.208.0/path/windows/normalize_glob.ts": "344ff5ed45430495b9a3d695567291e50e00b1b3b04ea56712a2acf07ab5c128",
    "https://deno.land/std@0.208.0/path/windows/parse.ts": "120faf778fe1f22056f33ded069b68e12447668fcfa19540c0129561428d3ae5",
    "https://deno.land/std@0.208.0/path/windows/relative.ts": "026855cd2c36c8f28f1df3c6fbd8f2449a2aa21f48797a74700c5d872b86d649",
    "https://deno.land/std@0.208.0/path/windows/resolve.ts": "5ff441ab18a2346abadf778121128ee71bda4d0898513d4639a6ca04edca366b",
    "https://deno.land/std@0.208.0/path/windows/separator.ts": "ae21f27015f10510ed1ac4a0ba9c4c9c967cbdd9d9e776a3e4967553c397bd5d",
    "https://deno.land/std@0.208.0/path/windows/to_file_url.ts": "8e9ea9e1ff364aa06fa72999204229952d0a279dbb876b7b838b2b2fea55cce3",
    "https://deno.land/std@0.208.0/path/windows/to_namespaced_path.ts": "e0f4d4a5e77f28a5708c1a33ff24360f35637ba6d8f103d19661255ef7bfd50d",
    "https://deno.land/std@0.216.0/assert/_constants.ts": "a271e8ef5a573f1df8e822a6eb9d09df064ad66a4390f21b3e31f820a38e0975",
    "https://deno.land/std@0.216.0/assert/_diff.ts": "dcc63d94ca289aec80644030cf88ccbf7acaa6fbd7b0f22add93616b36593840",
    "https://deno.land/std@0.216.0/assert/_format.ts": "0ba808961bf678437fb486b56405b6fefad2cf87b5809667c781ddee8c32aff4",
    "https://deno.land/std@0.216.0/assert/assert.ts": "bec068b2fccdd434c138a555b19a2c2393b71dfaada02b7d568a01541e67cdc5",
    "https://deno.land/std@0.216.0/assert/assert_almost_equals.ts": "8b96b7385cc117668b0720115eb6ee73d04c9bcb2f5d2344d674918c9113688f",
    "https://deno.land/std@0.216.0/assert/assert_array_includes.ts": "1688d76317fd45b7e93ef9e2765f112fdf2b7c9821016cdfb380b9445374aed1",
    "https://deno.land/std@0.216.0/assert/assert_equals.ts": "4497c56fe7d2993b0d447926702802fc0becb44e319079e8eca39b482ee01b4e",
    "https://deno.land/std@0.216.0/assert/assert_exists.ts": "24a7bf965e634f909242cd09fbaf38bde6b791128ece08e33ab08586a7cc55c9",
    "https://deno.land/std@0.216.0/assert/assert_false.ts": "6f382568e5128c0f855e5f7dbda8624c1ed9af4fcc33ef4a9afeeedcdce99769",
    "https://deno.land/std@0.216.0/assert/assert_greater.ts": "4945cf5729f1a38874d7e589e0fe5cc5cd5abe5573ca2ddca9d3791aa891856c",
    "https://deno.land/std@0.216.0/assert/assert_greater_or_equal.ts": "573ed8823283b8d94b7443eb69a849a3c369a8eb9666b2d1db50c33763a5d219",
    "https://deno.land/std@0.216.0/assert/assert_instance_of.ts": "72dc1faff1e248692d873c89382fa1579dd7b53b56d52f37f9874a75b11ba444",
    "https://deno.land/std@0.216.0/assert/assert_is_error.ts": "6596f2b5ba89ba2fe9b074f75e9318cda97a2381e59d476812e30077fbdb6ed2",
    "https://deno.land/std@0.216.0/assert/assert_less.ts": "2b4b3fe7910f65f7be52212f19c3977ecb8ba5b2d6d0a296c83cde42920bb005",
    "https://deno.land/std@0.216.0/assert/assert_less_or_equal.ts": "b93d212fe669fbde959e35b3437ac9a4468f2e6b77377e7b6ea2cfdd825d38a0",
    "https://deno.land/std@0.216.0/assert/assert_match.ts": "ec2d9680ed3e7b9746ec57ec923a17eef6d476202f339ad91d22277d7f1d16e1",
    "https://deno.land/std@0.216.0/assert/assert_not_equals.ts": "ac86413ab70ffb14fdfc41740ba579a983fe355ba0ce4a9ab685e6b8e7f6a250",
    "https://deno.land/std@0.216.0/assert/assert_not_instance_of.ts": "8f720d92d83775c40b2542a8d76c60c2d4aeddaf8713c8d11df8984af2604931",
    "https://deno.land/std@0.216.0/assert/assert_not_match.ts": "b4b7c77f146963e2b673c1ce4846473703409eb93f5ab0eb60f6e6f8aeffe39f",
    "https://deno.land/std@0.216.0/assert/assert_not_strict_equals.ts": "da0b8ab60a45d5a9371088378e5313f624799470c3b54c76e8b8abeec40a77be",
    "https://deno.land/std@0.216.0/assert/assert_object_match.ts": "e85e5eef62a56ce364c3afdd27978ccab979288a3e772e6855c270a7b118fa49",
    "https://deno.land/std@0.216.0/assert/assert_rejects.ts": "e9e0c8d9c3e164c7ac962c37b3be50577c5a2010db107ed272c4c1afb1269f54",
    "https://deno.land/std@0.216.0/assert/assert_strict_equals.ts": "0425a98f70badccb151644c902384c12771a93e65f8ff610244b8147b03a2366",
    "https://deno.land/std@0.216.0/assert/assert_string_includes.ts": "dfb072a890167146f8e5bdd6fde887ce4657098e9f71f12716ef37f35fb6f4a7",
    "https://deno.land/std@0.216.0/assert/assert_throws.ts": "edddd86b39606c342164b49ad88dd39a26e72a26655e07545d172f164b617fa7",
    "https://deno.land/std@0.216.0/assert/assertion_error.ts": "9f689a101ee586c4ce92f52fa7ddd362e86434ffdf1f848e45987dc7689976b8",
    "https://deno.land/std@0.216.0/assert/equal.ts": "fae5e8a52a11d3ac694bbe1a53e13a7969e3f60791262312e91a3e741ae519e2",
    "https://deno.land/std@0.216.0/assert/fail.ts": "f310e51992bac8e54f5fd8e44d098638434b2edb802383690e0d7a9be1979f1c",
    "https://deno.land/std@0.216.0/assert/mod.ts": "325df8c0683ad83a873b9691aa66b812d6275fc9fec0b2d180ac68a2c5efed3b",
    "https://deno.land/std@0.216.0/assert/unimplemented.ts": "47ca67d1c6dc53abd0bd729b71a31e0825fc452dbcd4fde4ca06789d5644e7fd",
    "https://deno.land/std@0.216.0/assert/unreachable.ts": "38cfecb95d8b06906022d2f9474794fca4161a994f83354fd079cac9032b5145",
    "https://deno.land/std@0.216.0/async/delay.ts": "8e1d18fe8b28ff95885e2bc54eccec1713f57f756053576d8228e6ca110793ad",
    "https://deno.land/std@0.216.0/datetime/constants.ts": "5c198b3b47fbcc4d913e61dcae1c37e053937affc2c9a6a5ad7e5473bab3e4a6",
    "https://deno.land/std@0.216.0/encoding/_util.ts": "beacef316c1255da9bc8e95afb1fa56ed69baef919c88dc06ae6cb7a6103d376",
    "https://deno.land/std@0.216.0/encoding/hex.ts": "4d47d3b25103cf81a2ed38f54b394d39a77b63338e1eaa04b70c614cb45ec2e6",
    "https://deno.land/std@0.216.0/flags/mod.ts": "9f13f3a49c54618277ac49195af934f1c7d235731bcf80fd33b8b234e6839ce9",
    "https://deno.land/std@0.216.0/fmt/colors.ts": "d239d84620b921ea520125d778947881f62c50e78deef2657073840b8af9559a",
    "https://deno.land/std@0.216.0/fs/_create_walk_entry.ts": "5d9d2aaec05bcf09a06748b1684224d33eba7a4de24cf4cf5599991ca6b5b412",
    "https://deno.land/std@0.216.0/fs/_get_file_info_type.ts": "da7bec18a7661dba360a1db475b826b18977582ce6fc9b25f3d4ee0403fe8cbd",
    "https://deno.land/std@0.216.0/fs/_is_same_path.ts": "709c95868345fea051c58b9e96af95cff94e6ae98dfcff2b66dee0c212c4221f",
    "https://deno.land/std@0.216.0/fs/_is_subdir.ts": "c68b309d46cc8568ed83c000f608a61bbdba0943b7524e7a30f9e450cf67eecd",
    "https://deno.land/std@0.216.0/fs/_to_path_string.ts": "29bfc9c6c112254961d75cbf6ba814d6de5349767818eb93090cecfa9665591e",
    "https://deno.land/std@0.216.0/fs/copy.ts": "dc0f68c4b6c3b090bfdb909387e309f6169b746bd713927c9507c9ef545d71f6",
    "https://deno.land/std@0.216.0/fs/empty_dir.ts": "4f01e6d56e2aa8d90ad60f20bc25601f516b00f6c3044cdf6863a058791d91aa",
    "https://deno.land/std@0.216.0/fs/ensure_dir.ts": "dffff68de0d10799b5aa9e39dec4e327e12bbd29e762292193684542648c4aeb",
    "https://deno.land/std@0.216.0/fs/ensure_file.ts": "ac5cfde94786b0284d2c8e9f7f9425269bea1b2140612b4aea1f20b508870f59",
    "https://deno.land/std@0.216.0/fs/ensure_link.ts": "d42af2edefeaa9817873ec6e46dc5d209ac4d744f8c69c5ecc2dffade78465b6",
    "https://deno.land/std@0.216.0/fs/ensure_symlink.ts": "aee3f1655700f60090b4a3037f5b6c07ab37c36807cccad746ce89987719e6d2",
    "https://deno.land/std@0.216.0/fs/eol.ts": "c9807291f78361d49fd986a9be04654610c615c5e2ec63d748976197d30ff206",
    "https://deno.land/std@0.216.0/fs/exists.ts": "d2757ef764eaf5c6c5af7228e8447db2de42ab084a2dae540097f905723d83f5",
    "https://deno.land/std@0.216.0/fs/expand_glob.ts": "a1ce02b05ed7b96985b0665067c9f1018f3f2ade7ee0fb0d629231050260b158",
    "https://deno.land/std@0.216.0/fs/mod.ts": "107f5afa4424c2d3ce2f7e9266173198da30302c69af662c720115fe504dc5ee",
    "https://deno.land/std@0.216.0/fs/move.ts": "39e0d7ccb88a566d20b949712020e766b15ef1ec19159573d11f949bd677909c",
    "https://deno.land/std@0.216.0/fs/walk.ts": "78e1d01a9f75715614bf8d6e58bd77d9fafb1222c41194e607cd3849d7a0e771",
    "https://deno.land/std@0.216.0/http/server.ts": "6dce295abc169d0956ae00432441331b3425afad4d79e8b3475739be2f04d614",
    "https://deno.land/std@0.216.0/http/status.ts": "ed61b4882af2514a81aefd3245e8df4c47b9a8e54929a903577643d2d1ebf514",
    "https://deno.land/std@0.216.0/jsonc/mod.ts": "82722888823e1af5a8f7918bf810ea581f68081064d529218533acad6cb7c2bc",
    "https://deno.land/std@0.216.0/jsonc/parse.ts": "747a0753289fdbfcb9cb86b709b56348c98abc107fbb0a7f350b87af4425a76a",
    "https://deno.land/std@0.216.0/media_types/_db.ts": "1d695d9fe1c785e523d6de7191b33f33ecc7866db77358a4f966221cca56e2f9",
    "https://deno.land/std@0.216.0/media_types/_util.ts": "afd54920a8a81add64248897898d3f30ca414a8803fe0c4e6d2893a3f6bd32b0",
    "https://deno.land/std@0.216.0/media_types/content_type.ts": "ed3f2e1f243b418ad3f441edc95fd92efbadb0f9bde36219c7564c67f9639513",
    "https://deno.land/std@0.216.0/media_types/format_media_type.ts": "ffef4718afa2489530cb94021bb865a466eb02037609f7e82899c017959d288a",
    "https://deno.land/std@0.216.0/media_types/get_charset.ts": "bce5c0343c14590516cbfa1a3e80891d9a7a53bc9b4a9010061cc4f879e18f6c",
    "https://deno.land/std@0.216.0/media_types/parse_media_type.ts": "487f000a38c230ccbac25420a50f600862e06796d0eee19d19631b9e84ee9654",
    "https://deno.land/std@0.216.0/media_types/type_by_extension.ts": "bf4e3f5d6b58b624d5daa01cbb8b1e86d9939940a77e7c26e796a075b60ec73b",
    "https://deno.land/std@0.216.0/media_types/vendor/mime-db.v1.52.0.ts": "0218d2c7d900e8cd6fa4a866e0c387712af4af9a1bae55d6b2546c73d273a1e6",
    "https://deno.land/std@0.216.0/path/_common/assert_path.ts": "2ca275f36ac1788b2acb60fb2b79cb06027198bc2ba6fb7e163efaedde98c297",
    "https://deno.land/std@0.216.0/path/_common/basename.ts": "569744855bc8445f3a56087fd2aed56bdad39da971a8d92b138c9913aecc5fa2",
    "https://deno.land/std@0.216.0/path/_common/common.ts": "6157c7ec1f4db2b4a9a187efd6ce76dcaf1e61cfd49f87e40d4ea102818df031",
    "https://deno.land/std@0.216.0/path/_common/constants.ts": "dc5f8057159f4b48cd304eb3027e42f1148cf4df1fb4240774d3492b5d12ac0c",
    "https://deno.land/std@0.216.0/path/_common/dirname.ts": "684df4aa71a04bbcc346c692c8485594fc8a90b9408dfbc26ff32cf3e0c98cc8",
    "https://deno.land/std@0.216.0/path/_common/format.ts": "92500e91ea5de21c97f5fe91e178bae62af524b72d5fcd246d6d60ae4bcada8b",
    "https://deno.land/std@0.216.0/path/_common/from_file_url.ts": "d672bdeebc11bf80e99bf266f886c70963107bdd31134c4e249eef51133ceccf",
    "https://deno.land/std@0.216.0/path/_common/glob_to_reg_exp.ts": "2007aa87bed6eb2c8ae8381adcc3125027543d9ec347713c1ad2c68427330770",
    "https://deno.land/std@0.216.0/path/_common/normalize.ts": "684df4aa71a04bbcc346c692c8485594fc8a90b9408dfbc26ff32cf3e0c98cc8",
    "https://deno.land/std@0.216.0/path/_common/normalize_string.ts": "dfdf657a1b1a7db7999f7c575ee7e6b0551d9c20f19486c6c3f5ff428384c965",
    "https://deno.land/std@0.216.0/path/_common/relative.ts": "faa2753d9b32320ed4ada0733261e3357c186e5705678d9dd08b97527deae607",
    "https://deno.land/std@0.216.0/path/_common/strip_trailing_separators.ts": "7024a93447efcdcfeaa9339a98fa63ef9d53de363f1fbe9858970f1bba02655a",
    "https://deno.land/std@0.216.0/path/_common/to_file_url.ts": "7f76adbc83ece1bba173e6e98a27c647712cab773d3f8cbe0398b74afc817883",
    "https://deno.land/std@0.216.0/path/_interface.ts": "a1419fcf45c0ceb8acdccc94394e3e94f99e18cfd32d509aab514c8841799600",
    "https://deno.land/std@0.216.0/path/_os.ts": "8fb9b90fb6b753bd8c77cfd8a33c2ff6c5f5bc185f50de8ca4ac6a05710b2c15",
    "https://deno.land/std@0.216.0/path/basename.ts": "5d341aadb7ada266e2280561692c165771d071c98746fcb66da928870cd47668",
    "https://deno.land/std@0.216.0/path/common.ts": "03e52e22882402c986fe97ca3b5bb4263c2aa811c515ce84584b23bac4cc2643",
    "https://deno.land/std@0.216.0/path/constants.ts": "0c206169ca104938ede9da48ac952de288f23343304a1c3cb6ec7625e7325f36",
    "https://deno.land/std@0.216.0/path/dirname.ts": "85bd955bf31d62c9aafdd7ff561c4b5fb587d11a9a5a45e2b01aedffa4238a7c",
    "https://deno.land/std@0.216.0/path/extname.ts": "593303db8ae8c865cbd9ceec6e55d4b9ac5410c1e276bfd3131916591b954441",
    "https://deno.land/std@0.216.0/path/format.ts": "98fad25f1af7b96a48efb5b67378fcc8ed77be895df8b9c733b86411632162af",
    "https://deno.land/std@0.216.0/path/from_file_url.ts": "911833ae4fd10a1c84f6271f36151ab785955849117dc48c6e43b929504ee069",
    "https://deno.land/std@0.216.0/path/glob_to_regexp.ts": "5e51f78a0248c75464bf1d49173de3ec2c032880a530578e56b3fed2a57e69d3",
    "https://deno.land/std@0.216.0/path/is_absolute.ts": "4791afc8bfd0c87f0526eaa616b0d16e7b3ab6a65b62942e50eac68de4ef67d7",
    "https://deno.land/std@0.216.0/path/is_glob.ts": "a65f6195d3058c3050ab905705891b412ff942a292bcbaa1a807a74439a14141",
    "https://deno.land/std@0.216.0/path/join.ts": "ae2ec5ca44c7e84a235fd532e4a0116bfb1f2368b394db1c4fb75e3c0f26a33a",
    "https://deno.land/std@0.216.0/path/join_globs.ts": "5b3bf248b93247194f94fa6947b612ab9d3abd571ca8386cf7789038545e54a0",
    "https://deno.land/std@0.216.0/path/mod.ts": "6f856db94f6a72fc2cf69e0a85eb523aee6a3cd274470717e96f4bee0c9fe329",
    "https://deno.land/std@0.216.0/path/normalize.ts": "4155743ccceeed319b350c1e62e931600272fad8ad00c417b91df093867a8352",
    "https://deno.land/std@0.216.0/path/normalize_glob.ts": "cc89a77a7d3b1d01053b9dcd59462b75482b11e9068ae6c754b5cf5d794b374f",
    "https://deno.land/std@0.216.0/path/parse.ts": "65e8e285f1a63b714e19ef24b68f56e76934c3df0b6e65fd440d3991f4f8aefb",
    "https://deno.land/std@0.216.0/path/posix/_util.ts": "1e3937da30f080bfc99fe45d7ed23c47dd8585c5e473b2d771380d3a6937cf9d",
    "https://deno.land/std@0.216.0/path/posix/basename.ts": "39ee27a29f1f35935d3603ccf01d53f3d6e0c5d4d0f84421e65bd1afeff42843",
    "https://deno.land/std@0.216.0/path/posix/common.ts": "26f60ccc8b2cac3e1613000c23ac5a7d392715d479e5be413473a37903a2b5d4",
    "https://deno.land/std@0.216.0/path/posix/constants.ts": "93481efb98cdffa4c719c22a0182b994e5a6aed3047e1962f6c2c75b7592bef1",
    "https://deno.land/std@0.216.0/path/posix/dirname.ts": "6535d2bdd566118963537b9dda8867ba9e2a361015540dc91f5afbb65c0cce8b",
    "https://deno.land/std@0.216.0/path/posix/extname.ts": "8d36ae0082063c5e1191639699e6f77d3acf501600a3d87b74943f0ae5327427",
    "https://deno.land/std@0.216.0/path/posix/format.ts": "185e9ee2091a42dd39e2a3b8e4925370ee8407572cee1ae52838aed96310c5c1",
    "https://deno.land/std@0.216.0/path/posix/from_file_url.ts": "951aee3a2c46fd0ed488899d024c6352b59154c70552e90885ed0c2ab699bc40",
    "https://deno.land/std@0.216.0/path/posix/glob_to_regexp.ts": "54d3ff40f309e3732ab6e5b19d7111d2d415248bcd35b67a99defcbc1972e697",
    "https://deno.land/std@0.216.0/path/posix/is_absolute.ts": "cebe561ad0ae294f0ce0365a1879dcfca8abd872821519b4fcc8d8967f888ede",
    "https://deno.land/std@0.216.0/path/posix/is_glob.ts": "8a8b08c08bf731acf2c1232218f1f45a11131bc01de81e5f803450a5914434b9",
    "https://deno.land/std@0.216.0/path/posix/join.ts": "aef88d5fa3650f7516730865dbb951594d1a955b785e2450dbee93b8e32694f3",
    "https://deno.land/std@0.216.0/path/posix/join_globs.ts": "f6e2619c196b82d8fd67ba2cf680e5b44461f38bdfeec26d7b3f55bd92a85988",
    "https://deno.land/std@0.216.0/path/posix/mod.ts": "2301fc1c54a28b349e20656f68a85f75befa0ee9b6cd75bfac3da5aca9c3f604",
    "https://deno.land/std@0.216.0/path/posix/normalize.ts": "baeb49816a8299f90a0237d214cef46f00ba3e95c0d2ceb74205a6a584b58a91",
    "https://deno.land/std@0.216.0/path/posix/normalize_glob.ts": "41b477068deb832df7f51d6e2b3c0bc274d20919e20c5240d785ba535572d3d0",
    "https://deno.land/std@0.216.0/path/posix/parse.ts": "d5bac4eb21262ab168eead7e2196cb862940c84cee572eafedd12a0d34adc8fb",
    "https://deno.land/std@0.216.0/path/posix/relative.ts": "3907d6eda41f0ff723d336125a1ad4349112cd4d48f693859980314d5b9da31c",
    "https://deno.land/std@0.216.0/path/posix/resolve.ts": "bac20d9921beebbbb2b73706683b518b1d0c1b1da514140cee409e90d6b2913a",
    "https://deno.land/std@0.216.0/path/posix/to_file_url.ts": "7aa752ba66a35049e0e4a4be5a0a31ac6b645257d2e031142abb1854de250aaf",
    "https://deno.land/std@0.216.0/path/posix/to_namespaced_path.ts": "28b216b3c76f892a4dca9734ff1cc0045d135532bfd9c435ae4858bfa5a2ebf0",
    "https://deno.land/std@0.216.0/path/relative.ts": "ab739d727180ed8727e34ed71d976912461d98e2b76de3d3de834c1066667add",
    "https://deno.land/std@0.216.0/path/resolve.ts": "a6f977bdb4272e79d8d0ed4333e3d71367cc3926acf15ac271f1d059c8494d8d",
    "https://deno.land/std@0.216.0/path/to_file_url.ts": "88f049b769bce411e2d2db5bd9e6fd9a185a5fbd6b9f5ad8f52bef517c4ece1b",
    "https://deno.land/std@0.216.0/path/to_namespaced_path.ts": "b706a4103b104cfadc09600a5f838c2ba94dbcdb642344557122dda444526e40",
    "https://deno.land/std@0.216.0/path/windows/_util.ts": "d5f47363e5293fced22c984550d5e70e98e266cc3f31769e1710511803d04808",
    "https://deno.land/std@0.216.0/path/windows/basename.ts": "e2dbf31d1d6385bfab1ce38c333aa290b6d7ae9e0ecb8234a654e583cf22f8fe",
    "https://deno.land/std@0.216.0/path/windows/common.ts": "26f60ccc8b2cac3e1613000c23ac5a7d392715d479e5be413473a37903a2b5d4",
    "https://deno.land/std@0.216.0/path/windows/constants.ts": "5afaac0a1f67b68b0a380a4ef391bf59feb55856aa8c60dfc01bd3b6abb813f5",
    "https://deno.land/std@0.216.0/path/windows/dirname.ts": "33e421be5a5558a1346a48e74c330b8e560be7424ed7684ea03c12c21b627bc9",
    "https://deno.land/std@0.216.0/path/windows/extname.ts": "165a61b00d781257fda1e9606a48c78b06815385e7d703232548dbfc95346bef",
    "https://deno.land/std@0.216.0/path/windows/format.ts": "bbb5ecf379305b472b1082cd2fdc010e44a0020030414974d6029be9ad52aeb6",
    "https://deno.land/std@0.216.0/path/windows/from_file_url.ts": "ced2d587b6dff18f963f269d745c4a599cf82b0c4007356bd957cb4cb52efc01",
    "https://deno.land/std@0.216.0/path/windows/glob_to_regexp.ts": "6dcd1242bd8907aa9660cbdd7c93446e6927b201112b0cba37ca5d80f81be51b",
    "https://deno.land/std@0.216.0/path/windows/is_absolute.ts": "4a8f6853f8598cf91a835f41abed42112cebab09478b072e4beb00ec81f8ca8a",
    "https://deno.land/std@0.216.0/path/windows/is_glob.ts": "8a8b08c08bf731acf2c1232218f1f45a11131bc01de81e5f803450a5914434b9",
    "https://deno.land/std@0.216.0/path/windows/join.ts": "e0b3356615c1a75c56ebb6a7311157911659e11fd533d80d724800126b761ac3",
    "https://deno.land/std@0.216.0/path/windows/join_globs.ts": "f6e2619c196b82d8fd67ba2cf680e5b44461f38bdfeec26d7b3f55bd92a85988",
    "https://deno.land/std@0.216.0/path/windows/mod.ts": "2301fc1c54a28b349e20656f68a85f75befa0ee9b6cd75bfac3da5aca9c3f604",
    "https://deno.land/std@0.216.0/path/windows/normalize.ts": "78126170ab917f0ca355a9af9e65ad6bfa5be14d574c5fb09bb1920f52577780",
    "https://deno.land/std@0.216.0/path/windows/normalize_glob.ts": "c57c186b0785ba5320a85e573c264f42c46eb1d0a4a78611f4791a7083baaa17",
    "https://deno.land/std@0.216.0/path/windows/parse.ts": "b9239edd892a06a06625c1b58425e199f018ce5649ace024d144495c984da734",
    "https://deno.land/std@0.216.0/path/windows/relative.ts": "3e1abc7977ee6cc0db2730d1f9cb38be87b0ce4806759d271a70e4997fc638d7",
    "https://deno.land/std@0.216.0/path/windows/resolve.ts": "75b2e3e1238d840782cee3d8864d82bfaa593c7af8b22f19c6422cf82f330ab3",
    "https://deno.land/std@0.216.0/path/windows/to_file_url.ts": "1cd63fd35ec8d1370feaa4752eccc4cc05ea5362a878be8dc7db733650995484",
    "https://deno.land/std@0.216.0/path/windows/to_namespaced_path.ts": "4ffa4fb6fae321448d5fe810b3ca741d84df4d7897e61ee29be961a6aac89a4c",
    "https://deno.land/std@0.216.0/regexp/escape.ts": "57303d6c9c6aa058d9a79a3c70113c545391639a87e9a18428220c1bad407549",
    "https://deno.land/std@0.216.0/semver/_comparator_format.ts": "b5a56b999670c0b3a3e8ad437ca0fafbfce0e973bba6769979d7665e318e8b6c",
    "https://deno.land/std@0.216.0/semver/_comparator_intersects.ts": "65b744d76b3be4ed91afd149754f530681032890d32fd65d02faf8ef96491cb7",
    "https://deno.land/std@0.216.0/semver/_comparator_max.ts": "c3a97d5b43b9104afa3687780500ef79b69ae5107cee2359004f80ea48969c7d",
    "https://deno.land/std@0.216.0/semver/_comparator_min.ts": "080a9939b177d64904e1772da02dc4673f9cd1b3c9ae1a5c534cfdf4bb3ee9af",
    "https://deno.land/std@0.216.0/semver/_constants.ts": "90879e4ea94a34c49c8ecea3d9c06e13e61ecb7caca80c8f289139440ca9835a",
    "https://deno.land/std@0.216.0/semver/_is_comparator.ts": "d032762a6993b7cd3e4243cbeded0eeab70773dff960d4e92af8770550eea7b6",
    "https://deno.land/std@0.216.0/semver/_parse_comparator.ts": "2dfa7f08da84038f8e2c50d629a329b2870a096791fd1f299a00de3bb547c34a",
    "https://deno.land/std@0.216.0/semver/_shared.ts": "8d44684775cde4a64bd6bdb99b51f3bc59ed65f10af78ca136cc2eab3f6716f1",
    "https://deno.land/std@0.216.0/semver/can_parse.ts": "d4a26f74be078f3ab10293b07bf022021a2f362b3e21b58422c214e7268110b2",
    "https://deno.land/std@0.216.0/semver/compare.ts": "e8871844a35cc8fe16e883c16e5237e06a93aa4830ae10d06501abe63586fc57",
    "https://deno.land/std@0.216.0/semver/constants.ts": "04c8625428552e967c85c59e80766441418839f7a94c50c652c6a9d83b0f3ef1",
    "https://deno.land/std@0.216.0/semver/difference.ts": "be4f01b7745406408a16b708185a48c1c652cc87e0244b12a5ca75c5585db668",
    "https://deno.land/std@0.216.0/semver/equals.ts": "8b9b18260c9a55feee9d3f9250fba345be922380f2e8f8009e455c394ce5e81d",
    "https://deno.land/std@0.216.0/semver/format.ts": "26d3a357ac5abd73dee0fe7dbbac6107fbdce0a844370c7b1bcb673c92e46bf6",
    "https://deno.land/std@0.216.0/semver/format_range.ts": "ee96cc1f3002cfb62b821477f1a90374e6c021ec13045c34a0620021b1d862af",
    "https://deno.land/std@0.216.0/semver/greater_or_equal.ts": "89c26f68070896944676eb9704cbb617febc6ed693720282741d6859c3d1fe80",
    "https://deno.land/std@0.216.0/semver/greater_than.ts": "d8c4a227cd28ea80a1de9c80215d7f3f95786fe1b196f0cb5ec91d6567adad27",
    "https://deno.land/std@0.216.0/semver/gtr.ts": "1101ecf6f427de9ba6348860f312c15b55f9301f97d2e34bd9e57957184574e9",
    "https://deno.land/std@0.216.0/semver/increment.ts": "427a043be71d6481e45c1a3939b955e800924d70779cb297b872d9cbf9f0e46d",
    "https://deno.land/std@0.216.0/semver/is_range.ts": "4cea4096436ea02555d38cc758effd978ca77d8ae63d8db15f2910b1ff04aec2",
    "https://deno.land/std@0.216.0/semver/is_semver.ts": "57914027d6141e593eb04418aaabbfd6f4562a1c53c6c33a1743fa50ada8d849",
    "https://deno.land/std@0.216.0/semver/less_or_equal.ts": "7dbf8190f37f3281048c30cf11e072a7af18685534ae88d295baa170b485bd90",
    "https://deno.land/std@0.216.0/semver/less_than.ts": "b0c7902c54cecadcc7c1c80afc2f6a0f1bf0b3f53c8d2bfd11f01a3a414cccfe",
    "https://deno.land/std@0.216.0/semver/ltr.ts": "4c147830444c9020eccc17cd8d4d9aced5b0f6cfb3c8b99fb9cdcca8fe90356f",
    "https://deno.land/std@0.216.0/semver/max_satisfying.ts": "03e5182a7424c308ddbb410e4b927da0dabc4e07d4b5a72f7e9b26fb18a02152",
    "https://deno.land/std@0.216.0/semver/min_satisfying.ts": "b6fadc9af17278289481c416e1eb135614f88063f4fc2b7b72b43eb3baa2f08f",
    "https://deno.land/std@0.216.0/semver/mod.ts": "6fcb9531909763993c70e1278b898cc9dd1373d6f4cbcdc41be4fc629e9e2052",
    "https://deno.land/std@0.216.0/semver/not_equals.ts": "17147a6f68b9d14f4643c1e2150378ccf6954710309f9618f75b411752a8e13d",
    "https://deno.land/std@0.216.0/semver/parse.ts": "2ba215c9aa3c71be753570724cfad75cc81972f0026dc81836ea3d1986112066",
    "https://deno.land/std@0.216.0/semver/parse_range.ts": "7ce841031e14af27c9abcc10878efe60135de59c935e311d671a91ffc48bbc46",
    "https://deno.land/std@0.216.0/semver/range_intersects.ts": "28de545143652cffa447e859ad087d75e74c009762df0ebc2f03cca2eed9831d",
    "https://deno.land/std@0.216.0/semver/range_max.ts": "b994695e885045518e1655a2c519d726003c7381b3e64be2090663378a6bfe20",
    "https://deno.land/std@0.216.0/semver/range_min.ts": "269ace0521e055fe10ef8c3d342ddf2cf3eb9c53a8efb2eecac198085cc789c3",
    "https://deno.land/std@0.216.0/semver/reverse_sort.ts": "98316b5c960cb0608df949d563328c7696d6b4f76ccea22a08974d27c1969893",
    "https://deno.land/std@0.216.0/semver/test_range.ts": "6262307357a8b413dc34546c8401392ed2bc7a5e4ddd999195a56a0fe4fc1d4a",
    "https://deno.land/std@0.216.0/semver/try_parse.ts": "a2639ec588c374331d5f655bfbdf8d5a2f2cc704c8b56ac94cd077944de150c7",
    "https://deno.land/std@0.216.0/semver/try_parse_range.ts": "239e0d711c5745da8c4dcda3c0797b4b5a83bfe494a51d3a0f005472cdc7b016",
    "https://deno.land/std@0.216.0/semver/types.ts": "8ed52c8cfc59e249a0dbab597d8c31bcf10405dcbe9714585055ea02252ae0d0",
    "https://deno.land/std@0.216.0/testing/snapshot.ts": "35ca1c8e8bfb98d7b7e794f1b7be8d992483fcff572540e41396f22a5bddb944",
    "https://deno.land/x/code_block_writer@12.0.0/mod.ts": "2c3448060e47c9d08604c8f40dee34343f553f33edcdfebbf648442be33205e5",
    "https://deno.land/x/code_block_writer@12.0.0/utils/string_utils.ts": "60cb4ec8bd335bf241ef785ccec51e809d576ff8e8d29da43d2273b69ce2a6ff",
    "https://deno.land/x/denoflate@1.2.1/mod.ts": "f5628e44b80b3d80ed525afa2ba0f12408e3849db817d47a883b801f9ce69dd6",
    "https://deno.land/x/denoflate@1.2.1/pkg/denoflate.js": "b9f9ad9457d3f12f28b1fb35c555f57443427f74decb403113d67364e4f2caf4",
    "https://deno.land/x/denoflate@1.2.1/pkg/denoflate_bg.wasm.js": "d581956245407a2115a3d7e8d85a9641c032940a8e810acbd59ca86afd34d44d",
    "https://deno.land/x/esbuild@v0.20.2/mod.js": "67c608ee283233f5d0faa322b887356857c547a8e6a00981f798b2cd38e02436",
    "https://deno.land/x/esbuild@v0.20.2/wasm.js": "5a887c1e38ad1056af11c58d45b6084d33bd33a62afa480d805801739370eed0",
    "https://deno.land/x/fresh@1.6.8/dev.ts": "720dd3a64b62b852db7b6ae471c246c5c605cf4a3091c4cbc802790f36d43e4c",
    "https://deno.land/x/fresh@1.6.8/plugins/twind.ts": "c92e6b839c015248c5a8fd4d7fa484e3b7a2ae9c58d0771cca6a57f83f4aeb28",
    "https://deno.land/x/fresh@1.6.8/plugins/twind/shared.ts": "ad8ccde3874b305be13a996e6f1c774bb9f611505f98a0995f5f7be368c5949c",
    "https://deno.land/x/fresh@1.6.8/runtime.ts": "49f4f70c24d14c5d5e112a671ef0314e438e5cd83eacb4f75c6db2fbdc22b540",
    "https://deno.land/x/fresh@1.6.8/server.ts": "d5817615a3ac822d422627f2cd6f850a31e11f7e73b328a79807f722e6519bac",
    "https://deno.land/x/fresh@1.6.8/src/build/aot_snapshot.ts": "4ac6330e5325dd9411fa2a46e97bb289f910fde4be82dc349d3e2b4bb1a7c07d",
    "https://deno.land/x/fresh@1.6.8/src/build/deps.ts": "5a0d934a2e66d61e675d3c48e7db83b3d9d01cd4e13eca05ca8145acf26ea991",
    "https://deno.land/x/fresh@1.6.8/src/build/esbuild.ts": "fdad9cc58f0ead0f954faad4a3c6b07da312acbe3306da742ba083ddb666d4b3",
    "https://deno.land/x/fresh@1.6.8/src/build/mod.ts": "b9d1695a86746ac3a1c52f0e07e723faa2310d1dfd109b9a2eebab6727c4702b",
    "https://deno.land/x/fresh@1.6.8/src/constants.ts": "4795d194b6c6b95f0e876c0a997fbaf57f94cfe253442c5819f95410870b79b3",
    "https://deno.land/x/fresh@1.6.8/src/dev/build.ts": "9aaf84a781ee4d11d73ec549425f273fe8339812fdd8f726e1ec1ba61bdf0e9d",
    "https://deno.land/x/fresh@1.6.8/src/dev/deps.ts": "93af624becfb2d8497e3d7ef0cf5ef48df61495dc5951b5f922c6a129a9fb75c",
    "https://deno.land/x/fresh@1.6.8/src/dev/dev_command.ts": "3e3dcc80180faf8868d44d892ddfa8c5ad06033e4d94c0934302e157db1de63d",
    "https://deno.land/x/fresh@1.6.8/src/dev/error.ts": "21a38d240c00279662e6adde41367f1da0ae7e2836d993f818ea94aabab53e7b",
    "https://deno.land/x/fresh@1.6.8/src/dev/manifest.ts": "156fb0ce3f77b9fdac18f8798eee36283c2fb440795c6024b6b6ab938e91f9cb",
    "https://deno.land/x/fresh@1.6.8/src/dev/mod.ts": "d44f3063d157bce53ba534d37b7ff8f262c379ab75229bc63d06c47c67b6b7e6",
    "https://deno.land/x/fresh@1.6.8/src/dev/update_check.ts": "0b8e4659b49e3a951c684b7faf66be7428948c3e7d492d37397f9a485874515a",
    "https://deno.land/x/fresh@1.6.8/src/runtime/Partial.tsx": "92e16fa7edf37dc8e254024a5410ea2c8986804a6ddf911af4d30209dff80a22",
    "https://deno.land/x/fresh@1.6.8/src/runtime/active_url.ts": "c718797b11189c7e2c86569355d55056148907121e958e00f71c56593aecc329",
    "https://deno.land/x/fresh@1.6.8/src/runtime/build_id.ts": "8376e70e42ce456dfa6932c638409d2ef1bca4833b4ceba0bf74510080a7f976",
    "https://deno.land/x/fresh@1.6.8/src/runtime/csp.ts": "9ee900e9b0b786057b1009da5976298c202d1b86d1f1e4d2510bde5f06530ac9",
    "https://deno.land/x/fresh@1.6.8/src/runtime/deserializer.ts": "1b83e75fa61c48b074ea121f33647d1ed15c68fa2f2a11b0a7f7a12cd38af627",
    "https://deno.land/x/fresh@1.6.8/src/runtime/head.ts": "0f9932874497ab6e57ed1ba01d549e843523df4a5d36ef97460e7a43e3132fdc",
    "https://deno.land/x/fresh@1.6.8/src/runtime/utils.ts": "4f40630c308e8ea7d53860687905caf1a2f2a46ad8692f24e905a8e996b584c3",
    "https://deno.land/x/fresh@1.6.8/src/server/boot.ts": "969da650e882adba6559af3784b90473d357201345d4e5b24a0cf5e582882d6b",
    "https://deno.land/x/fresh@1.6.8/src/server/build_id.ts": "82d9cb985de6b1e38c3108e5a00667b16e80eedc145d73835d6b44349ebe6389",
    "https://deno.land/x/fresh@1.6.8/src/server/code_frame.ts": "fac505f138fbd1bb260030122b87aeb2f5b5e54018e3066e105c669c686cc373",
    "https://deno.land/x/fresh@1.6.8/src/server/compose.ts": "490aa1a7d540cc02bd4a184bea03eb2370aa34d93fe5a6ae1f31e2086eef4e76",
    "https://deno.land/x/fresh@1.6.8/src/server/config.ts": "a5d0545d18c68d01770a4eb321d2fc85081ad7992ae63b1497f0b92ee122410a",
    "https://deno.land/x/fresh@1.6.8/src/server/constants.ts": "e75a7f7b14185b6f85747613591348313200fe8e218cb473b1da9db941ee68d1",
    "https://deno.land/x/fresh@1.6.8/src/server/context.ts": "fbfcb0e0c6377ea0a6b11063705c07daedb75bcf2845b31c3794345c40aeb1b4",
    "https://deno.land/x/fresh@1.6.8/src/server/default_error_page.tsx": "094ad8d52d31f99172a606d0a0d8236604a1f9bb6d1f928d0d466d55b36dae70",
    "https://deno.land/x/fresh@1.6.8/src/server/defines.ts": "f518ff10e499d4543bb9231f55026f26be2507eaccb072aafab93c8cc0bc3adc",
    "https://deno.land/x/fresh@1.6.8/src/server/deps.ts": "efa2ddf6a21457839e42b6a69eca0c12a22a0bf3a6dd140b58abfe54e66328e8",
    "https://deno.land/x/fresh@1.6.8/src/server/error_overlay.tsx": "e6ab4cef0ea812a1e1f32ee9116c61f64db8466d46e228acbb953215f4517d9c",
    "https://deno.land/x/fresh@1.6.8/src/server/fs_extract.ts": "4dda675f03f0397310e4e6d4a57f3bf907db8a61a1a65423e67855daf5b9b36e",
    "https://deno.land/x/fresh@1.6.8/src/server/htmlescape.ts": "834ac7d0caa9fc38dffd9b8613fb47aeecd4f22d5d70c51d4b20a310c085835c",
    "https://deno.land/x/fresh@1.6.8/src/server/init_safe_deps.ts": "8c74d8708986d156126355b0935a1915069bfdc389ccabd3d2d72d1c9e04025c",
    "https://deno.land/x/fresh@1.6.8/src/server/mod.ts": "6cee56e234f6bc19f62f3b6c0d287dc7b9632fcbfb8f56dde1d81423532d65c4",
    "https://deno.land/x/fresh@1.6.8/src/server/render.ts": "b89387eb20c91969ace2de27b6c462f4e42c040d37b68440fe374e5cea9ea794",
    "https://deno.land/x/fresh@1.6.8/src/server/rendering/fresh_tags.tsx": "5f1238e465d9ad94aebdf5e3701f2b9da3c944d8c5cc4dc8005ff1418b164989",
    "https://deno.land/x/fresh@1.6.8/src/server/rendering/preact_hooks.ts": "db1a1ad7e4fbdac19b0758789ba7700531c214d531e1d03264b81a73beab05b5",
    "https://deno.land/x/fresh@1.6.8/src/server/rendering/state.ts": "5e0c3a60964596cc28c1804545eae323cbc92eec9ce8cb0932d5168a6d1f33e9",
    "https://deno.land/x/fresh@1.6.8/src/server/rendering/template.tsx": "bd1bc8edb054caac22043117f254927e8413e04cd1897009a2214ab374a1be19",
    "https://deno.land/x/fresh@1.6.8/src/server/router.ts": "257a293776ee682937b8abb6d803971a6863a2f161b1e079b57c013589d0ed0b",
    "https://deno.land/x/fresh@1.6.8/src/server/serializer.ts": "f0cffb863bbdbac6ed53fefe181e415d6aefc2101f2dc92a562b364088809e44",
    "https://deno.land/x/fresh@1.6.8/src/server/tailwind_aot_error_page.tsx": "7265b66dc76a2e54b40774bbeb3cc7d4deb2eac537e08712e90e9c7b9399e53a",
    "https://deno.land/x/fresh@1.6.8/src/server/types.ts": "f5911c9eef864df8ef58fe5bd353ebd22267b35ef2ef8b21def825fd274d05a6",
    "https://deno.land/x/fresh@1.6.8/src/types.ts": "05169e3389979d8283de0ec1db3a765324ffd730b6af29ffe02752f341ae7d35",
    "https://deno.land/x/fresh@1.6.8/versions.json": "c6cc2d0d2bff47425e59f953b8a237a6523dcf8e10f02e7ad92d50f2c5f2552c",
    "https://deno.land/x/tabler_icons_tsx@0.0.5/tsx/brand-github.tsx": "3e7c2e085570ebe78bf72d7ba9ad77e6519930feff5f3b653c3ba5b29b1c863b",
    "https://deno.land/x/tabler_icons_tsx@0.0.5/tsx/external-link.tsx": "03a53183c1128cce202a800add2dd3a384998fa4015426baadb968ca193eb8b2",
    "https://deno.land/x/ts_morph@21.0.1/common/DenoRuntime.ts": "a505f1feae9a77c8f6ab1c18c55d694719e96573f68e9c36463b243e1bef4c3e",
    "https://deno.land/x/ts_morph@21.0.1/common/mod.ts": "01985d2ee7da8d1caee318a9d07664774fbee4e31602bc2bb6bb62c3489555ed",
    "https://deno.land/x/ts_morph@21.0.1/common/ts_morph_common.js": "236475fb18476307e07b3a97dc92fe8fb69e4a9df4ca59aa098dd6430bae7237",
    "https://deno.land/x/ts_morph@21.0.1/common/typescript.js": "d72ba73c3eb625ff755075dbde78df2a844d22190ef1ad74d0c5dcd7005ba85e",
    "https://deno.land/x/ts_morph@21.0.1/mod.ts": "adba9b82f24865d15d2c78ef6074b9a7457011719056c9928c800f130a617c93",
    "https://deno.land/x/ts_morph@21.0.1/ts_morph.js": "fddb96abdf0cb0ac427d52757c4ffa6ff7fe9a772846d9bf6167518b7b276cad",
    "https://esm.sh/*@preact/signals-core@1.5.1": "de8dffabec1aab92430087751f0c451af2853ee5163fe7761fd94d70263b7ea6",
    "https://esm.sh/*@preact/signals@1.2.2": "8b174b406f1c00fdf3930fbb4ddc556162e6fd0dfe84a5ec300e9ac1776cbf42",
    "https://esm.sh/*preact-render-to-string@6.3.1": "07807f027acf54b994b630bbb2a923f5a835f9544e01144f67ab292e90a431e4",
    "https://esm.sh/@babel/helper-validator-identifier@7.22.20": "daace34e028130297fddf97f3ef6deb4b05ec3eb46f5c5cacd6eaa43d6323b0a",
    "https://esm.sh/marked@3.0.4": "0424e6c5d8844227dcdf8a7741e5e3fe87cf2a217a035690f3c8e44c83c3022a",
    "https://esm.sh/preact@10.19.6": "281b115a9b79918c6b73382b4e818d6f9e48db9064b7fd4f75a45a4edee54145",
    "https://esm.sh/preact@10.19.6/debug": "0e16b3e9f45372501b91ecf69b1bcaf2b2dad3ac470ce75113d957acbd5e277d",
    "https://esm.sh/preact@10.19.6/hooks": "3037d71a7794c70bacb2da5dd9520334c6a24b3a7a75a2eeec9f025f8dc549f1",
    "https://esm.sh/preact@10.19.6/jsx-runtime": "f4c9e5f72ef18435eab846ae02e315a63da724f64fb08d806d2ddeaf08d99bd8",
    "https://esm.sh/prismjs@1.25.0/components/prism-javascript.js?no-check&pin=v57": "351c207cb1ed4fc4080bf48586fb69042cc6964ef484d1ec0e35629b5c2c123a",
    "https://esm.sh/prismjs@1.25.0/components/prism-typescript.js?no-check&pin=v57": "a3e3c108dc1acc832458e638e1de55ebde0d21226c59de1cfbb7f90417dbf7e1",
    "https://esm.sh/prismjs@1.25.0?pin=v57": "52cf29e350c716a02df9602c185fb68b256f7f3bf7ca9f1d693dd521339b1a3f",
    "https://esm.sh/stable/preact@10.19.6/denonext/debug.js": "a0a13b66504bd149d6f0e1facde5a610f029be9c6b5539008934badfe0d87ed5",
    "https://esm.sh/stable/preact@10.19.6/denonext/devtools.js": "662746ca22e50eb0db3356f936c891b465aea20d8f4d809262f612e66b3d705e",
    "https://esm.sh/stable/preact@10.19.6/denonext/hooks.js": "60270845e547f2e2c8d94cdb0bf9a0376e5b02bd6bb2b8694720274c2378890e",
    "https://esm.sh/stable/preact@10.19.6/denonext/jsx-runtime.js": "97e9eeb40443de53a8cb3b70f264d04db2bbfc5c2298fdb15d1c471283ccd6aa",
    "https://esm.sh/stable/preact@10.19.6/denonext/preact.mjs": "68491395d287895f4d697e403ded5b0ebb8fed0494f9e870c422bc017e5e52f5",
    "https://esm.sh/twind@0.16.19": "07573f62f8538dbb18575dc8df6fd3f6a70288fb7c9ab9493e95efe3939ab06e",
    "https://esm.sh/twind@0.16.19/sheets": "23984a4aa63595519126c9dc7a018458e358cdba4df4a672ba936f517f0f1e27",
    "https://esm.sh/v130/@monaco-editor/loader@1.3.3": "8a159b5a36f49f99528e447ffd2f459b30a8a86662193cdb546b9f481f19a8dd",
    "https://esm.sh/v130/@monaco-editor/loader@1.3.3/denonext/loader.mjs": "410b1c606e3b366436de51d0774cf2a41fdd4b6651716197a5d68948d14463d8",
    "https://esm.sh/v130/ansi-to-html@0.7.2": "dc9fae75e961f37a0d8123dcf5d57b0f2ef46f5a90fc50305572c94e914e81af",
    "https://esm.sh/v130/ansi-to-html@0.7.2/denonext/ansi-to-html.mjs": "a5380798b4efa5363776f92128a8cb85c02b89c692986d72675a427c68b19948",
    "https://esm.sh/v130/entities@2.2.0/denonext/entities.mjs": "af15975e7c8b5f17be658d1db80f9de7c076cb9cd53c4dcfc9dd60d460266d62",
    "https://esm.sh/v130/state-local@1.0.7/denonext/state-local.mjs": "49b4fe3e787ebf905b3c5864a54848aba77f1893bc42be632c526950c6285074",
    "https://esm.sh/v135/@babel/helper-validator-identifier@7.22.20/denonext/helper-validator-identifier.mjs": "1ad312a9040d1f3b096e90a3e6a9da7ecfc99662140852fe3862a316c2591c93",
    "https://esm.sh/v135/@preact/signals-core@1.5.1/denonext/signals-core.mjs": "dc36965311a6fda182378c0b3aec418ffe60fb2bb6020d9948d105862a27ddf8",
    "https://esm.sh/v135/@preact/signals@1.2.2/X-ZS8q/denonext/signals.mjs": "f2cb7b0335f75be2827049bf6a1ce3c6bd35e74c7a922a1eeb338b0312d61556",
    "https://esm.sh/v135/marked@3.0.4/denonext/marked.mjs": "0ce248bdaecf0ee6f0f35d376814b00dfe411972bcf88fa705d8fa93efef95d9",
    "https://esm.sh/v135/preact-render-to-string@6.3.1/X-ZS8q/denonext/preact-render-to-string.mjs": "bcaceb8c3938310aee3dd4f7b6f2136cf0b2b890988c2e6679485e052e76e920",
    "https://esm.sh/v135/style-vendorizer@2.2.3/denonext/style-vendorizer.mjs": "121455e7b04b631ef6463ce63cdcd29febd74d88c37713c774ceca8a1561c83d",
    "https://esm.sh/v135/twind@0.16.19/denonext/sheets.js": "efd516ad31769dc75c995bfb984ab03d23c0e0a90240c83a5496ef150cfd4757",
    "https://esm.sh/v135/twind@0.16.19/denonext/twind.mjs": "b3a5f073ee0c885786449d85f267b20d1bb75499da163a53d89ff3be37d0568a",
    "https://esm.sh/v57/prismjs@1.25.0/denonext/components/prism-javascript.js": "8a31edbdf0f1cd563cfd2a7418c252c778d1d190f93f4bcfd0a58c0d53772252",
    "https://esm.sh/v57/prismjs@1.25.0/denonext/components/prism-typescript.js": "fb8d4bda9001188f5d3f3b592ae8ed84fe4776864f5619e0ddcde0de08202943",
    "https://esm.sh/v57/prismjs@1.25.0/denonext/prismjs.mjs": "c20a1eeae4bc369f35e96199f5ee3a2cf0124ef3eaafac9fbb0416f337ca97eb"
  },
  "workspace": {
    "dependencies": [
      "jsr:@std/assert@^0.224.0"
    ]
  }
}
